PODS:
  - AKTrakt (0.1.1):
    - Alamofire
  - Alamofire (3.1.0)

DEPENDENCIES:
  - AKTrakt (from `../`)
  - Alamofire

EXTERNAL SOURCES:
  AKTrakt:
    :path: "../"

SPEC CHECKSUMS:
  AKTrakt: 6dbeab6d7da984f66960bdd8f82f75cc0b66fb12
  Alamofire: 415bd7f56197722978759078486689f7ef913dce

COCOAPODS: 0.39.0
