PODS:
  - AKTrakt (0.3.0):
    - Alamofire
  - Alamofire (3.4.0)
  - AlamofireImage (2.4.0):
    - Alamofire (~> 3.3)

DEPENDENCIES:
  - AKTrakt (from `.`)
  - Alamofire (~> 3.4.0)
  - AlamofireImage (~> 2.4.0)

EXTERNAL SOURCES:
  AKTrakt:
    :path: "."

SPEC CHECKSUMS:
  AKTrakt: adf2d487a3296cf62e5be24e321c30048e2e0a32
  Alamofire: c19a627cefd6a95f840401c49ab1f124e07f54ee
  AlamofireImage: 87408b652e0f5ae5fe364035f15aea8b9b24c77e

PODFILE CHECKSUM: 97e814036620869a5781eaa31cbbd01e576792a5

COCOAPODS: 1.0.0
