// !$*UTF8*$!
{
	archiveVersion = 1;
	classes = {
	};
	objectVersion = 47;
	objects = {

/* Begin PBXBuildFile section */
		17109D081C05EF0A007D3D16 /* ViewController.swift in Sources */ = {isa = PBXBuildFile; fileRef = 17109D071C05EF0A007D3D16 /* ViewController.swift */; };
		174E4F571D464C3900EF2FC7 /* AlamofireImage.framework in Frameworks */ = {isa = PBXBuildFile; fileRef = 1770D7D71D4617E500AC5AFE /* AlamofireImage.framework */; };
		174E4F581D464C6300EF2FC7 /* Alamofire.framework in Frameworks */ = {isa = PBXBuildFile; fileRef = 1770D7BD1D4617D900AC5AFE /* Alamofire.framework */; };
		1770D6CD1D460FED00AC5AFE /* tvOS.h in Headers */ = {isa = PBXBuildFile; fileRef = 1770D6CB1D460FED00AC5AFE /* tvOS.h */; settings = {ATTRIBUTES = (Public, ); }; };
		1770D6D01D460FED00AC5AFE /* AKTrakt.framework in Frameworks */ = {isa = PBXBuildFile; fileRef = 1770D6C91D460FED00AC5AFE /* AKTrakt.framework */; };
		1770D6D11D460FED00AC5AFE /* AKTrakt.framework in Embed Frameworks */ = {isa = PBXBuildFile; fileRef = 1770D6C91D460FED00AC5AFE /* AKTrakt.framework */; settings = {ATTRIBUTES = (CodeSignOnCopy, RemoveHeadersOnCopy, ); }; };
		1770D70B1D46108C00AC5AFE /* TraktCrewPosition.swift in Sources */ = {isa = PBXBuildFile; fileRef = 1770D6DB1D46108C00AC5AFE /* TraktCrewPosition.swift */; };
		1770D70F1D46108C00AC5AFE /* TraktError.swift in Sources */ = {isa = PBXBuildFile; fileRef = 1770D6DC1D46108C00AC5AFE /* TraktError.swift */; };
		1770D7131D46108C00AC5AFE /* TraktId.swift in Sources */ = {isa = PBXBuildFile; fileRef = 1770D6DD1D46108C00AC5AFE /* TraktId.swift */; };
		1770D7171D46108C00AC5AFE /* TraktImageSize.swift in Sources */ = {isa = PBXBuildFile; fileRef = 1770D6DE1D46108C00AC5AFE /* TraktImageSize.swift */; };
		1770D71B1D46108C00AC5AFE /* TraktImageType.swift in Sources */ = {isa = PBXBuildFile; fileRef = 1770D6DF1D46108C00AC5AFE /* TraktImageType.swift */; };
		1770D71F1D46108C00AC5AFE /* TraktReleaseType.swift in Sources */ = {isa = PBXBuildFile; fileRef = 1770D6E01D46108C00AC5AFE /* TraktReleaseType.swift */; };
		1770D7231D46108C00AC5AFE /* Extensions.swift in Sources */ = {isa = PBXBuildFile; fileRef = 1770D6E11D46108C00AC5AFE /* Extensions.swift */; };
		1770D7271D46108C00AC5AFE /* TraktCharacter.swift in Sources */ = {isa = PBXBuildFile; fileRef = 1770D6E31D46108C00AC5AFE /* TraktCharacter.swift */; };
		1770D72B1D46108C00AC5AFE /* TraktCrew.swift in Sources */ = {isa = PBXBuildFile; fileRef = 1770D6E41D46108C00AC5AFE /* TraktCrew.swift */; };
		1770D72F1D46108C00AC5AFE /* TraktEpisode.swift in Sources */ = {isa = PBXBuildFile; fileRef = 1770D6E51D46108C00AC5AFE /* TraktEpisode.swift */; };
		1770D7331D46108C00AC5AFE /* TraktMovie.swift in Sources */ = {isa = PBXBuildFile; fileRef = 1770D6E61D46108C00AC5AFE /* TraktMovie.swift */; };
		1770D7371D46108C00AC5AFE /* TraktObject.swift in Sources */ = {isa = PBXBuildFile; fileRef = 1770D6E71D46108C00AC5AFE /* TraktObject.swift */; };
		1770D73B1D46108C00AC5AFE /* TraktPerson.swift in Sources */ = {isa = PBXBuildFile; fileRef = 1770D6E81D46108C00AC5AFE /* TraktPerson.swift */; };
		1770D73F1D46108C00AC5AFE /* TraktSeason.swift in Sources */ = {isa = PBXBuildFile; fileRef = 1770D6E91D46108C00AC5AFE /* TraktSeason.swift */; };
		1770D7431D46108C00AC5AFE /* TraktShow.swift in Sources */ = {isa = PBXBuildFile; fileRef = 1770D6EA1D46108C00AC5AFE /* TraktShow.swift */; };
		1770D7471D46108C00AC5AFE /* Requests.swift in Sources */ = {isa = PBXBuildFile; fileRef = 1770D6EC1D46108C00AC5AFE /* Requests.swift */; };
		1770D74B1D46108C00AC5AFE /* Authentication.swift in Sources */ = {isa = PBXBuildFile; fileRef = 1770D6EE1D46108C00AC5AFE /* Authentication.swift */; };
		1770D74F1D46108C00AC5AFE /* Collection.swift in Sources */ = {isa = PBXBuildFile; fileRef = 1770D6EF1D46108C00AC5AFE /* Collection.swift */; };
		1770D7531D46108C00AC5AFE /* Episode.swift in Sources */ = {isa = PBXBuildFile; fileRef = 1770D6F01D46108C00AC5AFE /* Episode.swift */; };
		1770D7571D46108C00AC5AFE /* History.swift in Sources */ = {isa = PBXBuildFile; fileRef = 1770D6F11D46108C00AC5AFE /* History.swift */; };
		1770D75B1D46108C00AC5AFE /* Movie.swift in Sources */ = {isa = PBXBuildFile; fileRef = 1770D6F21D46108C00AC5AFE /* Movie.swift */; };
		1770D75F1D46108C00AC5AFE /* People.swift in Sources */ = {isa = PBXBuildFile; fileRef = 1770D6F31D46108C00AC5AFE /* People.swift */; };
		1770D7631D46108C00AC5AFE /* Rating.swift in Sources */ = {isa = PBXBuildFile; fileRef = 1770D6F41D46108C00AC5AFE /* Rating.swift */; };
		1770D7671D46108C00AC5AFE /* Recommendations.swift in Sources */ = {isa = PBXBuildFile; fileRef = 1770D6F51D46108C00AC5AFE /* Recommendations.swift */; };
		1770D76B1D46108C00AC5AFE /* Search.swift in Sources */ = {isa = PBXBuildFile; fileRef = 1770D6F61D46108C00AC5AFE /* Search.swift */; };
		1770D76F1D46108C00AC5AFE /* Season.swift in Sources */ = {isa = PBXBuildFile; fileRef = 1770D6F71D46108C00AC5AFE /* Season.swift */; };
		1770D7731D46108C00AC5AFE /* Show.swift in Sources */ = {isa = PBXBuildFile; fileRef = 1770D6F81D46108C00AC5AFE /* Show.swift */; };
		1770D7771D46108C00AC5AFE /* Trending.swift in Sources */ = {isa = PBXBuildFile; fileRef = 1770D6F91D46108C00AC5AFE /* Trending.swift */; };
		1770D77B1D46108C00AC5AFE /* Watchlist.swift in Sources */ = {isa = PBXBuildFile; fileRef = 1770D6FA1D46108C00AC5AFE /* Watchlist.swift */; };
		1770D77F1D46108C00AC5AFE /* Trakt.swift in Sources */ = {isa = PBXBuildFile; fileRef = 1770D6FB1D46108C00AC5AFE /* Trakt.swift */; };
		1770D7831D46108C00AC5AFE /* TraktAuthViewControllerDelegate.swift in Sources */ = {isa = PBXBuildFile; fileRef = 1770D6FC1D46108C00AC5AFE /* TraktAuthViewControllerDelegate.swift */; };
		1770D7871D46108C00AC5AFE /* TraktRelease.swift in Sources */ = {isa = PBXBuildFile; fileRef = 1770D6FD1D46108C00AC5AFE /* TraktRelease.swift */; };
		1770D78B1D46108C00AC5AFE /* TraktRequest.swift in Sources */ = {isa = PBXBuildFile; fileRef = 1770D6FE1D46108C00AC5AFE /* TraktRequest.swift */; };
		1770D78F1D46108C00AC5AFE /* TraktToken.swift in Sources */ = {isa = PBXBuildFile; fileRef = 1770D6FF1D46108C00AC5AFE /* TraktToken.swift */; };
		1770D7931D46108C00AC5AFE /* TraktAuthenticationViewController.swift in Sources */ = {isa = PBXBuildFile; fileRef = 1770D7011D46108C00AC5AFE /* TraktAuthenticationViewController.swift */; };
		1770D7971D46108C00AC5AFE /* TraktAuthenticationViewController.xib in Resources */ = {isa = PBXBuildFile; fileRef = 1770D7021D46108C00AC5AFE /* TraktAuthenticationViewController.xib */; };
		1770D79B1D46108C00AC5AFE /* TraktQRCode.png in Resources */ = {isa = PBXBuildFile; fileRef = 1770D7031D46108C00AC5AFE /* TraktQRCode.png */; };
		1770D8D21D46426100AC5AFE /* Alamofire.framework in Frameworks */ = {isa = PBXBuildFile; fileRef = 1770D7BD1D4617D900AC5AFE /* Alamofire.framework */; };
		1770D8DF1D46436B00AC5AFE /* Alamofire.framework in Frameworks */ = {isa = PBXBuildFile; fileRef = 1770D7B51D4617D900AC5AFE /* Alamofire.framework */; };
		1770D8E01D46436B00AC5AFE /* AlamofireImage.framework in Frameworks */ = {isa = PBXBuildFile; fileRef = 1770D7CF1D4617E500AC5AFE /* AlamofireImage.framework */; };
		1770D8F91D4644E700AC5AFE /* AKTrakt iOS.h in Headers */ = {isa = PBXBuildFile; fileRef = 1770D8E91D4644E700AC5AFE /* AKTrakt iOS.h */; settings = {ATTRIBUTES = (Public, ); }; };
		1770D8FC1D4644E700AC5AFE /* AKTrakt.framework in Frameworks */ = {isa = PBXBuildFile; fileRef = 1770D8E71D4644E700AC5AFE /* AKTrakt.framework */; };
		1770D8FD1D4644E700AC5AFE /* AKTrakt.framework in Embed Frameworks */ = {isa = PBXBuildFile; fileRef = 1770D8E71D4644E700AC5AFE /* AKTrakt.framework */; settings = {ATTRIBUTES = (CodeSignOnCopy, RemoveHeadersOnCopy, ); }; };
		1770D9051D46450100AC5AFE /* Alamofire.framework in Frameworks */ = {isa = PBXBuildFile; fileRef = 1770D7B51D4617D900AC5AFE /* Alamofire.framework */; };
		1770D9071D46463500AC5AFE /* ShowViewController.swift in Sources */ = {isa = PBXBuildFile; fileRef = 1770D9061D46463500AC5AFE /* ShowViewController.swift */; };
		1770D9081D46463500AC5AFE /* ShowViewController.swift in Sources */ = {isa = PBXBuildFile; fileRef = 1770D9061D46463500AC5AFE /* ShowViewController.swift */; };
		1770D9091D46481A00AC5AFE /* TraktCrewPosition.swift in Sources */ = {isa = PBXBuildFile; fileRef = 1770D6DB1D46108C00AC5AFE /* TraktCrewPosition.swift */; };
		1770D90A1D46481A00AC5AFE /* TraktError.swift in Sources */ = {isa = PBXBuildFile; fileRef = 1770D6DC1D46108C00AC5AFE /* TraktError.swift */; };
		1770D90B1D46481A00AC5AFE /* TraktId.swift in Sources */ = {isa = PBXBuildFile; fileRef = 1770D6DD1D46108C00AC5AFE /* TraktId.swift */; };
		1770D90C1D46481A00AC5AFE /* TraktImageSize.swift in Sources */ = {isa = PBXBuildFile; fileRef = 1770D6DE1D46108C00AC5AFE /* TraktImageSize.swift */; };
		1770D90D1D46481A00AC5AFE /* TraktImageType.swift in Sources */ = {isa = PBXBuildFile; fileRef = 1770D6DF1D46108C00AC5AFE /* TraktImageType.swift */; };
		1770D90E1D46481A00AC5AFE /* TraktReleaseType.swift in Sources */ = {isa = PBXBuildFile; fileRef = 1770D6E01D46108C00AC5AFE /* TraktReleaseType.swift */; };
		1770D90F1D46482000AC5AFE /* TraktCharacter.swift in Sources */ = {isa = PBXBuildFile; fileRef = 1770D6E31D46108C00AC5AFE /* TraktCharacter.swift */; };
		1770D9101D46482000AC5AFE /* TraktCrew.swift in Sources */ = {isa = PBXBuildFile; fileRef = 1770D6E41D46108C00AC5AFE /* TraktCrew.swift */; };
		1770D9111D46482000AC5AFE /* TraktEpisode.swift in Sources */ = {isa = PBXBuildFile; fileRef = 1770D6E51D46108C00AC5AFE /* TraktEpisode.swift */; };
		1770D9121D46482000AC5AFE /* TraktMovie.swift in Sources */ = {isa = PBXBuildFile; fileRef = 1770D6E61D46108C00AC5AFE /* TraktMovie.swift */; };
		1770D9131D46482000AC5AFE /* TraktObject.swift in Sources */ = {isa = PBXBuildFile; fileRef = 1770D6E71D46108C00AC5AFE /* TraktObject.swift */; };
		1770D9141D46482000AC5AFE /* TraktPerson.swift in Sources */ = {isa = PBXBuildFile; fileRef = 1770D6E81D46108C00AC5AFE /* TraktPerson.swift */; };
		1770D9151D46482000AC5AFE /* TraktSeason.swift in Sources */ = {isa = PBXBuildFile; fileRef = 1770D6E91D46108C00AC5AFE /* TraktSeason.swift */; };
		1770D9161D46482000AC5AFE /* TraktShow.swift in Sources */ = {isa = PBXBuildFile; fileRef = 1770D6EA1D46108C00AC5AFE /* TraktShow.swift */; };
		1770D9171D46482400AC5AFE /* Requests.swift in Sources */ = {isa = PBXBuildFile; fileRef = 1770D6EC1D46108C00AC5AFE /* Requests.swift */; };
		1770D9181D46482800AC5AFE /* Authentication.swift in Sources */ = {isa = PBXBuildFile; fileRef = 1770D6EE1D46108C00AC5AFE /* Authentication.swift */; };
		1770D9191D46482800AC5AFE /* Collection.swift in Sources */ = {isa = PBXBuildFile; fileRef = 1770D6EF1D46108C00AC5AFE /* Collection.swift */; };
		1770D91A1D46482800AC5AFE /* Episode.swift in Sources */ = {isa = PBXBuildFile; fileRef = 1770D6F01D46108C00AC5AFE /* Episode.swift */; };
		1770D91B1D46482800AC5AFE /* History.swift in Sources */ = {isa = PBXBuildFile; fileRef = 1770D6F11D46108C00AC5AFE /* History.swift */; };
		1770D91C1D46482800AC5AFE /* Movie.swift in Sources */ = {isa = PBXBuildFile; fileRef = 1770D6F21D46108C00AC5AFE /* Movie.swift */; };
		1770D91D1D46482800AC5AFE /* People.swift in Sources */ = {isa = PBXBuildFile; fileRef = 1770D6F31D46108C00AC5AFE /* People.swift */; };
		1770D91E1D46482800AC5AFE /* Rating.swift in Sources */ = {isa = PBXBuildFile; fileRef = 1770D6F41D46108C00AC5AFE /* Rating.swift */; };
		1770D91F1D46482800AC5AFE /* Recommendations.swift in Sources */ = {isa = PBXBuildFile; fileRef = 1770D6F51D46108C00AC5AFE /* Recommendations.swift */; };
		1770D9201D46482800AC5AFE /* Search.swift in Sources */ = {isa = PBXBuildFile; fileRef = 1770D6F61D46108C00AC5AFE /* Search.swift */; };
		1770D9211D46482800AC5AFE /* Season.swift in Sources */ = {isa = PBXBuildFile; fileRef = 1770D6F71D46108C00AC5AFE /* Season.swift */; };
		1770D9221D46482800AC5AFE /* Show.swift in Sources */ = {isa = PBXBuildFile; fileRef = 1770D6F81D46108C00AC5AFE /* Show.swift */; };
		1770D9231D46482800AC5AFE /* Trending.swift in Sources */ = {isa = PBXBuildFile; fileRef = 1770D6F91D46108C00AC5AFE /* Trending.swift */; };
		1770D9241D46482800AC5AFE /* Watchlist.swift in Sources */ = {isa = PBXBuildFile; fileRef = 1770D6FA1D46108C00AC5AFE /* Watchlist.swift */; };
		1770D9251D46482E00AC5AFE /* Trakt.swift in Sources */ = {isa = PBXBuildFile; fileRef = 1770D6FB1D46108C00AC5AFE /* Trakt.swift */; };
		1770D9261D46482E00AC5AFE /* TraktAuthViewControllerDelegate.swift in Sources */ = {isa = PBXBuildFile; fileRef = 1770D6FC1D46108C00AC5AFE /* TraktAuthViewControllerDelegate.swift */; };
		1770D9271D46482E00AC5AFE /* TraktRelease.swift in Sources */ = {isa = PBXBuildFile; fileRef = 1770D6FD1D46108C00AC5AFE /* TraktRelease.swift */; };
		1770D9281D46482E00AC5AFE /* TraktRequest.swift in Sources */ = {isa = PBXBuildFile; fileRef = 1770D6FE1D46108C00AC5AFE /* TraktRequest.swift */; };
		1770D9291D46482E00AC5AFE /* TraktToken.swift in Sources */ = {isa = PBXBuildFile; fileRef = 1770D6FF1D46108C00AC5AFE /* TraktToken.swift */; };
		1770D92A1D46483100AC5AFE /* TraktAuthenticationViewController.swift in Sources */ = {isa = PBXBuildFile; fileRef = 1770D6D81D46108C00AC5AFE /* TraktAuthenticationViewController.swift */; };
		1770D92B1D46487E00AC5AFE /* Extensions.swift in Sources */ = {isa = PBXBuildFile; fileRef = 1770D6E11D46108C00AC5AFE /* Extensions.swift */; };
		179029AF1CF4913D00078265 /* Default-568h@2x.png in Resources */ = {isa = PBXBuildFile; fileRef = 179029AE1CF4913D00078265 /* Default-568h@2x.png */; };
		17C504921CF4480600CF368A /* MovieViewController.swift in Sources */ = {isa = PBXBuildFile; fileRef = 17C504911CF4480600CF368A /* MovieViewController.swift */; };
		17C504931CF4480600CF368A /* MovieViewController.swift in Sources */ = {isa = PBXBuildFile; fileRef = 17C504911CF4480600CF368A /* MovieViewController.swift */; };
		17CFD26D1CF45CE00050315A /* Main.storyboard in Resources */ = {isa = PBXBuildFile; fileRef = 17CFD26C1CF45CE00050315A /* Main.storyboard */; };
		17CFD2731CF45DB90050315A /* Main.storyboard in Resources */ = {isa = PBXBuildFile; fileRef = 17CFD2721CF45DB90050315A /* Main.storyboard */; };
		17F050011C91D789006F448F /* ViewController.swift in Sources */ = {isa = PBXBuildFile; fileRef = 17109D071C05EF0A007D3D16 /* ViewController.swift */; };
		17F050031C91E044006F448F /* AppDelegate.swift in Sources */ = {isa = PBXBuildFile; fileRef = 607FACD51AFB9204008FA782 /* AppDelegate.swift */; };
		607FACD61AFB9204008FA782 /* AppDelegate.swift in Sources */ = {isa = PBXBuildFile; fileRef = 607FACD51AFB9204008FA782 /* AppDelegate.swift */; };
/* End PBXBuildFile section */

/* Begin PBXContainerItemProxy section */
		1770D6CE1D460FED00AC5AFE /* PBXContainerItemProxy */ = {
			isa = PBXContainerItemProxy;
			containerPortal = 607FACC81AFB9204008FA782 /* Project object */;
			proxyType = 1;
			remoteGlobalIDString = 1770D6C81D460FED00AC5AFE;
			remoteInfo = tvOS;
		};
		1770D7B41D4617D900AC5AFE /* PBXContainerItemProxy */ = {
			isa = PBXContainerItemProxy;
			containerPortal = 1770D7A91D4617D900AC5AFE /* Alamofire.xcodeproj */;
			proxyType = 2;
			remoteGlobalIDString = F8111E3319A95C8B0040E7D1;
			remoteInfo = "Alamofire iOS";
		};
		1770D7B61D4617D900AC5AFE /* PBXContainerItemProxy */ = {
			isa = PBXContainerItemProxy;
			containerPortal = 1770D7A91D4617D900AC5AFE /* Alamofire.xcodeproj */;
			proxyType = 2;
			remoteGlobalIDString = F8111E3E19A95C8B0040E7D1;
			remoteInfo = "Alamofire iOS Tests";
		};
		1770D7B81D4617D900AC5AFE /* PBXContainerItemProxy */ = {
			isa = PBXContainerItemProxy;
			containerPortal = 1770D7A91D4617D900AC5AFE /* Alamofire.xcodeproj */;
			proxyType = 2;
			remoteGlobalIDString = 4DD67C0B1A5C55C900ED2280;
			remoteInfo = "Alamofire OSX";
		};
		1770D7BA1D4617D900AC5AFE /* PBXContainerItemProxy */ = {
			isa = PBXContainerItemProxy;
			containerPortal = 1770D7A91D4617D900AC5AFE /* Alamofire.xcodeproj */;
			proxyType = 2;
			remoteGlobalIDString = F829C6B21A7A94F100A2CD59;
			remoteInfo = "Alamofire OSX Tests";
		};
		1770D7BC1D4617D900AC5AFE /* PBXContainerItemProxy */ = {
			isa = PBXContainerItemProxy;
			containerPortal = 1770D7A91D4617D900AC5AFE /* Alamofire.xcodeproj */;
			proxyType = 2;
			remoteGlobalIDString = 4CF626EF1BA7CB3E0011A099;
			remoteInfo = "Alamofire tvOS";
		};
		1770D7BE1D4617D900AC5AFE /* PBXContainerItemProxy */ = {
			isa = PBXContainerItemProxy;
			containerPortal = 1770D7A91D4617D900AC5AFE /* Alamofire.xcodeproj */;
			proxyType = 2;
			remoteGlobalIDString = 4CF626F81BA7CB3E0011A099;
			remoteInfo = "Alamofire tvOS Tests";
		};
		1770D7C01D4617D900AC5AFE /* PBXContainerItemProxy */ = {
			isa = PBXContainerItemProxy;
			containerPortal = 1770D7A91D4617D900AC5AFE /* Alamofire.xcodeproj */;
			proxyType = 2;
			remoteGlobalIDString = E4202FE01B667AA100C997FB;
			remoteInfo = "Alamofire watchOS";
		};
		1770D7CE1D4617E500AC5AFE /* PBXContainerItemProxy */ = {
			isa = PBXContainerItemProxy;
			containerPortal = 1770D7C21D4617E500AC5AFE /* AlamofireImage.xcodeproj */;
			proxyType = 2;
			remoteGlobalIDString = 4C9043771AABBFC5001B4E60;
			remoteInfo = "AlamofireImage iOS";
		};
		1770D7D01D4617E500AC5AFE /* PBXContainerItemProxy */ = {
			isa = PBXContainerItemProxy;
			containerPortal = 1770D7C21D4617E500AC5AFE /* AlamofireImage.xcodeproj */;
			proxyType = 2;
			remoteGlobalIDString = 4C9043821AABBFC5001B4E60;
			remoteInfo = "AlamofireImage iOS Tests";
		};
		1770D7D21D4617E500AC5AFE /* PBXContainerItemProxy */ = {
			isa = PBXContainerItemProxy;
			containerPortal = 1770D7C21D4617E500AC5AFE /* AlamofireImage.xcodeproj */;
			proxyType = 2;
			remoteGlobalIDString = 4CE611321AABC24E00D35044;
			remoteInfo = "AlamofireImage OSX";
		};
		1770D7D41D4617E500AC5AFE /* PBXContainerItemProxy */ = {
			isa = PBXContainerItemProxy;
			containerPortal = 1770D7C21D4617E500AC5AFE /* AlamofireImage.xcodeproj */;
			proxyType = 2;
			remoteGlobalIDString = 4CE611471AABC5C900D35044;
			remoteInfo = "AlamofireImage OSX Tests";
		};
		1770D7D61D4617E500AC5AFE /* PBXContainerItemProxy */ = {
			isa = PBXContainerItemProxy;
			containerPortal = 1770D7C21D4617E500AC5AFE /* AlamofireImage.xcodeproj */;
			proxyType = 2;
			remoteGlobalIDString = 4C16B37D1BA9399500A66EF0;
			remoteInfo = "AlamofireImage tvOS";
		};
		1770D7D81D4617E500AC5AFE /* PBXContainerItemProxy */ = {
			isa = PBXContainerItemProxy;
			containerPortal = 1770D7C21D4617E500AC5AFE /* AlamofireImage.xcodeproj */;
			proxyType = 2;
			remoteGlobalIDString = 4C16B3861BA9399500A66EF0;
			remoteInfo = "AlamofireImage tvOS Tests";
		};
		1770D7DA1D4617E500AC5AFE /* PBXContainerItemProxy */ = {
			isa = PBXContainerItemProxy;
			containerPortal = 1770D7C21D4617E500AC5AFE /* AlamofireImage.xcodeproj */;
			proxyType = 2;
			remoteGlobalIDString = 4C4D4EC11B92976900C96855;
			remoteInfo = "AlamofireImage watchOS";
		};
		1770D8FA1D4644E700AC5AFE /* PBXContainerItemProxy */ = {
			isa = PBXContainerItemProxy;
			containerPortal = 607FACC81AFB9204008FA782 /* Project object */;
			proxyType = 1;
			remoteGlobalIDString = 1770D8E61D4644E700AC5AFE;
			remoteInfo = "AKTrakt iOS";
		};
/* End PBXContainerItemProxy section */

/* Begin PBXCopyFilesBuildPhase section */
		1770D6D51D460FED00AC5AFE /* Embed Frameworks */ = {
			isa = PBXCopyFilesBuildPhase;
			buildActionMask = 2147483647;
			dstPath = "";
			dstSubfolderSpec = 10;
			files = (
				1770D6D11D460FED00AC5AFE /* AKTrakt.framework in Embed Frameworks */,
			);
			name = "Embed Frameworks";
			runOnlyForDeploymentPostprocessing = 0;
		};
		1770D9011D4644E700AC5AFE /* Embed Frameworks */ = {
			isa = PBXCopyFilesBuildPhase;
			buildActionMask = 2147483647;
			dstPath = "";
			dstSubfolderSpec = 10;
			files = (
				1770D8FD1D4644E700AC5AFE /* AKTrakt.framework in Embed Frameworks */,
			);
			name = "Embed Frameworks";
			runOnlyForDeploymentPostprocessing = 0;
		};
/* End PBXCopyFilesBuildPhase section */

/* Begin PBXFileReference section */
		17109D031C05EF0A007D3D16 /* Example tvOS.app */ = {isa = PBXFileReference; explicitFileType = wrapper.application; includeInIndex = 0; path = "Example tvOS.app"; sourceTree = BUILT_PRODUCTS_DIR; };
		17109D071C05EF0A007D3D16 /* ViewController.swift */ = {isa = PBXFileReference; lastKnownFileType = sourcecode.swift; name = ViewController.swift; path = Example/ViewController.swift; sourceTree = "<group>"; };
		17109D0E1C05EF0A007D3D16 /* Info.plist */ = {isa = PBXFileReference; lastKnownFileType = text.plist.xml; path = Info.plist; sourceTree = "<group>"; };
		1770D6C91D460FED00AC5AFE /* AKTrakt.framework */ = {isa = PBXFileReference; explicitFileType = wrapper.framework; includeInIndex = 0; path = AKTrakt.framework; sourceTree = BUILT_PRODUCTS_DIR; };
		1770D6CB1D460FED00AC5AFE /* tvOS.h */ = {isa = PBXFileReference; lastKnownFileType = sourcecode.c.h; path = tvOS.h; sourceTree = "<group>"; };
		1770D6CC1D460FED00AC5AFE /* Info.plist */ = {isa = PBXFileReference; lastKnownFileType = text.plist.xml; path = Info.plist; sourceTree = "<group>"; };
		1770D6D81D46108C00AC5AFE /* TraktAuthenticationViewController.swift */ = {isa = PBXFileReference; fileEncoding = 4; lastKnownFileType = sourcecode.swift; path = TraktAuthenticationViewController.swift; sourceTree = "<group>"; };
		1770D6DB1D46108C00AC5AFE /* TraktCrewPosition.swift */ = {isa = PBXFileReference; fileEncoding = 4; lastKnownFileType = sourcecode.swift; path = TraktCrewPosition.swift; sourceTree = "<group>"; };
		1770D6DC1D46108C00AC5AFE /* TraktError.swift */ = {isa = PBXFileReference; fileEncoding = 4; lastKnownFileType = sourcecode.swift; path = TraktError.swift; sourceTree = "<group>"; };
		1770D6DD1D46108C00AC5AFE /* TraktId.swift */ = {isa = PBXFileReference; fileEncoding = 4; lastKnownFileType = sourcecode.swift; path = TraktId.swift; sourceTree = "<group>"; };
		1770D6DE1D46108C00AC5AFE /* TraktImageSize.swift */ = {isa = PBXFileReference; fileEncoding = 4; lastKnownFileType = sourcecode.swift; path = TraktImageSize.swift; sourceTree = "<group>"; };
		1770D6DF1D46108C00AC5AFE /* TraktImageType.swift */ = {isa = PBXFileReference; fileEncoding = 4; lastKnownFileType = sourcecode.swift; path = TraktImageType.swift; sourceTree = "<group>"; };
		1770D6E01D46108C00AC5AFE /* TraktReleaseType.swift */ = {isa = PBXFileReference; fileEncoding = 4; lastKnownFileType = sourcecode.swift; path = TraktReleaseType.swift; sourceTree = "<group>"; };
		1770D6E11D46108C00AC5AFE /* Extensions.swift */ = {isa = PBXFileReference; fileEncoding = 4; lastKnownFileType = sourcecode.swift; path = Extensions.swift; sourceTree = "<group>"; };
		1770D6E31D46108C00AC5AFE /* TraktCharacter.swift */ = {isa = PBXFileReference; fileEncoding = 4; lastKnownFileType = sourcecode.swift; path = TraktCharacter.swift; sourceTree = "<group>"; };
		1770D6E41D46108C00AC5AFE /* TraktCrew.swift */ = {isa = PBXFileReference; fileEncoding = 4; lastKnownFileType = sourcecode.swift; path = TraktCrew.swift; sourceTree = "<group>"; };
		1770D6E51D46108C00AC5AFE /* TraktEpisode.swift */ = {isa = PBXFileReference; fileEncoding = 4; lastKnownFileType = sourcecode.swift; path = TraktEpisode.swift; sourceTree = "<group>"; };
		1770D6E61D46108C00AC5AFE /* TraktMovie.swift */ = {isa = PBXFileReference; fileEncoding = 4; lastKnownFileType = sourcecode.swift; path = TraktMovie.swift; sourceTree = "<group>"; };
		1770D6E71D46108C00AC5AFE /* TraktObject.swift */ = {isa = PBXFileReference; fileEncoding = 4; lastKnownFileType = sourcecode.swift; path = TraktObject.swift; sourceTree = "<group>"; };
		1770D6E81D46108C00AC5AFE /* TraktPerson.swift */ = {isa = PBXFileReference; fileEncoding = 4; lastKnownFileType = sourcecode.swift; path = TraktPerson.swift; sourceTree = "<group>"; };
		1770D6E91D46108C00AC5AFE /* TraktSeason.swift */ = {isa = PBXFileReference; fileEncoding = 4; lastKnownFileType = sourcecode.swift; path = TraktSeason.swift; sourceTree = "<group>"; };
		1770D6EA1D46108C00AC5AFE /* TraktShow.swift */ = {isa = PBXFileReference; fileEncoding = 4; lastKnownFileType = sourcecode.swift; path = TraktShow.swift; sourceTree = "<group>"; };
		1770D6EC1D46108C00AC5AFE /* Requests.swift */ = {isa = PBXFileReference; fileEncoding = 4; lastKnownFileType = sourcecode.swift; path = Requests.swift; sourceTree = "<group>"; };
		1770D6EE1D46108C00AC5AFE /* Authentication.swift */ = {isa = PBXFileReference; fileEncoding = 4; lastKnownFileType = sourcecode.swift; path = Authentication.swift; sourceTree = "<group>"; };
		1770D6EF1D46108C00AC5AFE /* Collection.swift */ = {isa = PBXFileReference; fileEncoding = 4; lastKnownFileType = sourcecode.swift; path = Collection.swift; sourceTree = "<group>"; };
		1770D6F01D46108C00AC5AFE /* Episode.swift */ = {isa = PBXFileReference; fileEncoding = 4; lastKnownFileType = sourcecode.swift; path = Episode.swift; sourceTree = "<group>"; };
		1770D6F11D46108C00AC5AFE /* History.swift */ = {isa = PBXFileReference; fileEncoding = 4; lastKnownFileType = sourcecode.swift; path = History.swift; sourceTree = "<group>"; };
		1770D6F21D46108C00AC5AFE /* Movie.swift */ = {isa = PBXFileReference; fileEncoding = 4; lastKnownFileType = sourcecode.swift; path = Movie.swift; sourceTree = "<group>"; };
		1770D6F31D46108C00AC5AFE /* People.swift */ = {isa = PBXFileReference; fileEncoding = 4; lastKnownFileType = sourcecode.swift; path = People.swift; sourceTree = "<group>"; };
		1770D6F41D46108C00AC5AFE /* Rating.swift */ = {isa = PBXFileReference; fileEncoding = 4; lastKnownFileType = sourcecode.swift; path = Rating.swift; sourceTree = "<group>"; };
		1770D6F51D46108C00AC5AFE /* Recommendations.swift */ = {isa = PBXFileReference; fileEncoding = 4; lastKnownFileType = sourcecode.swift; path = Recommendations.swift; sourceTree = "<group>"; };
		1770D6F61D46108C00AC5AFE /* Search.swift */ = {isa = PBXFileReference; fileEncoding = 4; lastKnownFileType = sourcecode.swift; path = Search.swift; sourceTree = "<group>"; };
		1770D6F71D46108C00AC5AFE /* Season.swift */ = {isa = PBXFileReference; fileEncoding = 4; lastKnownFileType = sourcecode.swift; path = Season.swift; sourceTree = "<group>"; };
		1770D6F81D46108C00AC5AFE /* Show.swift */ = {isa = PBXFileReference; fileEncoding = 4; lastKnownFileType = sourcecode.swift; path = Show.swift; sourceTree = "<group>"; };
		1770D6F91D46108C00AC5AFE /* Trending.swift */ = {isa = PBXFileReference; fileEncoding = 4; lastKnownFileType = sourcecode.swift; path = Trending.swift; sourceTree = "<group>"; };
		1770D6FA1D46108C00AC5AFE /* Watchlist.swift */ = {isa = PBXFileReference; fileEncoding = 4; lastKnownFileType = sourcecode.swift; path = Watchlist.swift; sourceTree = "<group>"; };
		1770D6FB1D46108C00AC5AFE /* Trakt.swift */ = {isa = PBXFileReference; fileEncoding = 4; lastKnownFileType = sourcecode.swift; path = Trakt.swift; sourceTree = "<group>"; };
		1770D6FC1D46108C00AC5AFE /* TraktAuthViewControllerDelegate.swift */ = {isa = PBXFileReference; fileEncoding = 4; lastKnownFileType = sourcecode.swift; path = TraktAuthViewControllerDelegate.swift; sourceTree = "<group>"; };
		1770D6FD1D46108C00AC5AFE /* TraktRelease.swift */ = {isa = PBXFileReference; fileEncoding = 4; lastKnownFileType = sourcecode.swift; path = TraktRelease.swift; sourceTree = "<group>"; };
		1770D6FE1D46108C00AC5AFE /* TraktRequest.swift */ = {isa = PBXFileReference; fileEncoding = 4; lastKnownFileType = sourcecode.swift; path = TraktRequest.swift; sourceTree = "<group>"; };
		1770D6FF1D46108C00AC5AFE /* TraktToken.swift */ = {isa = PBXFileReference; fileEncoding = 4; lastKnownFileType = sourcecode.swift; path = TraktToken.swift; sourceTree = "<group>"; };
		1770D7011D46108C00AC5AFE /* TraktAuthenticationViewController.swift */ = {isa = PBXFileReference; fileEncoding = 4; lastKnownFileType = sourcecode.swift; path = TraktAuthenticationViewController.swift; sourceTree = "<group>"; };
		1770D7021D46108C00AC5AFE /* TraktAuthenticationViewController.xib */ = {isa = PBXFileReference; fileEncoding = 4; lastKnownFileType = file.xib; path = TraktAuthenticationViewController.xib; sourceTree = "<group>"; };
		1770D7031D46108C00AC5AFE /* TraktQRCode.png */ = {isa = PBXFileReference; lastKnownFileType = image.png; path = TraktQRCode.png; sourceTree = "<group>"; };
		1770D7A91D4617D900AC5AFE /* Alamofire.xcodeproj */ = {isa = PBXFileReference; lastKnownFileType = "wrapper.pb-project"; name = Alamofire.xcodeproj; path = Carthage/Checkouts/Alamofire/Alamofire.xcodeproj; sourceTree = "<group>"; };
		1770D7C21D4617E500AC5AFE /* AlamofireImage.xcodeproj */ = {isa = PBXFileReference; lastKnownFileType = "wrapper.pb-project"; name = AlamofireImage.xcodeproj; path = Carthage/Checkouts/AlamofireImage/AlamofireImage.xcodeproj; sourceTree = "<group>"; };
		1770D8E71D4644E700AC5AFE /* AKTrakt.framework */ = {isa = PBXFileReference; explicitFileType = wrapper.framework; includeInIndex = 0; path = AKTrakt.framework; sourceTree = BUILT_PRODUCTS_DIR; };
		1770D8E91D4644E700AC5AFE /* AKTrakt iOS.h */ = {isa = PBXFileReference; lastKnownFileType = sourcecode.c.h; path = "AKTrakt iOS.h"; sourceTree = "<group>"; };
		1770D8EA1D4644E700AC5AFE /* Info.plist */ = {isa = PBXFileReference; lastKnownFileType = text.plist.xml; path = Info.plist; sourceTree = "<group>"; };
		1770D9061D46463500AC5AFE /* ShowViewController.swift */ = {isa = PBXFileReference; fileEncoding = 4; lastKnownFileType = sourcecode.swift; name = ShowViewController.swift; path = Example/ShowViewController.swift; sourceTree = "<group>"; };
		179029AE1CF4913D00078265 /* Default-568h@2x.png */ = {isa = PBXFileReference; lastKnownFileType = image.png; path = "Default-568h@2x.png"; sourceTree = "<group>"; };
		179029B61CF5945F00078265 /* PublicTests.swift */ = {isa = PBXFileReference; lastKnownFileType = sourcecode.swift; path = PublicTests.swift; sourceTree = "<group>"; };
		179029B81CF5945F00078265 /* Info.plist */ = {isa = PBXFileReference; lastKnownFileType = text.plist.xml; path = Info.plist; sourceTree = "<group>"; };
		17C322DF1D09B28A003BFFA4 /* LoggedTests.swift */ = {isa = PBXFileReference; fileEncoding = 4; lastKnownFileType = sourcecode.swift; path = LoggedTests.swift; sourceTree = "<group>"; };
		17C504911CF4480600CF368A /* MovieViewController.swift */ = {isa = PBXFileReference; fileEncoding = 4; lastKnownFileType = sourcecode.swift; name = MovieViewController.swift; path = Example/MovieViewController.swift; sourceTree = "<group>"; };
		17CFD26C1CF45CE00050315A /* Main.storyboard */ = {isa = PBXFileReference; fileEncoding = 4; lastKnownFileType = file.storyboard; path = Main.storyboard; sourceTree = "<group>"; };
		17CFD2721CF45DB90050315A /* Main.storyboard */ = {isa = PBXFileReference; fileEncoding = 4; lastKnownFileType = file.storyboard; path = Main.storyboard; sourceTree = "<group>"; };
		607FACD01AFB9204008FA782 /* Example iOS.app */ = {isa = PBXFileReference; explicitFileType = wrapper.application; includeInIndex = 0; path = "Example iOS.app"; sourceTree = BUILT_PRODUCTS_DIR; };
		607FACD41AFB9204008FA782 /* Info.plist */ = {isa = PBXFileReference; lastKnownFileType = text.plist.xml; path = Info.plist; sourceTree = "<group>"; };
		607FACD51AFB9204008FA782 /* AppDelegate.swift */ = {isa = PBXFileReference; lastKnownFileType = sourcecode.swift; name = AppDelegate.swift; path = Example/AppDelegate.swift; sourceTree = "<group>"; };
/* End PBXFileReference section */

/* Begin PBXFrameworksBuildPhase section */
		17109D001C05EF0A007D3D16 /* Frameworks */ = {
			isa = PBXFrameworksBuildPhase;
			buildActionMask = 2147483647;
			files = (
				174E4F581D464C6300EF2FC7 /* Alamofire.framework in Frameworks */,
				174E4F571D464C3900EF2FC7 /* AlamofireImage.framework in Frameworks */,
				1770D6D01D460FED00AC5AFE /* AKTrakt.framework in Frameworks */,
			);
			runOnlyForDeploymentPostprocessing = 0;
		};
		1770D6C51D460FED00AC5AFE /* Frameworks */ = {
			isa = PBXFrameworksBuildPhase;
			buildActionMask = 2147483647;
			files = (
				1770D8D21D46426100AC5AFE /* Alamofire.framework in Frameworks */,
			);
			runOnlyForDeploymentPostprocessing = 0;
		};
		1770D8E31D4644E700AC5AFE /* Frameworks */ = {
			isa = PBXFrameworksBuildPhase;
			buildActionMask = 2147483647;
			files = (
				1770D9051D46450100AC5AFE /* Alamofire.framework in Frameworks */,
			);
			runOnlyForDeploymentPostprocessing = 0;
		};
		607FACCD1AFB9204008FA782 /* Frameworks */ = {
			isa = PBXFrameworksBuildPhase;
			buildActionMask = 2147483647;
			files = (
				1770D8FC1D4644E700AC5AFE /* AKTrakt.framework in Frameworks */,
				1770D8DF1D46436B00AC5AFE /* Alamofire.framework in Frameworks */,
				1770D8E01D46436B00AC5AFE /* AlamofireImage.framework in Frameworks */,
			);
			runOnlyForDeploymentPostprocessing = 0;
		};
/* End PBXFrameworksBuildPhase section */

/* Begin PBXGroup section */
		17109D041C05EF0A007D3D16 /* tvOS */ = {
			isa = PBXGroup;
			children = (
				17CFD2721CF45DB90050315A /* Main.storyboard */,
				17109D0E1C05EF0A007D3D16 /* Info.plist */,
			);
			name = tvOS;
			path = Example/tvOS;
			sourceTree = "<group>";
		};
		1770D6CA1D460FED00AC5AFE /* tvOS */ = {
			isa = PBXGroup;
			children = (
				1770D6CB1D460FED00AC5AFE /* tvOS.h */,
				1770D6CC1D460FED00AC5AFE /* Info.plist */,
			);
			path = tvOS;
			sourceTree = "<group>";
		};
		1770D6D61D46108C00AC5AFE /* Source */ = {
			isa = PBXGroup;
			children = (
				1770D6D71D46108C00AC5AFE /* ios */,
				1770D6D91D46108C00AC5AFE /* shared */,
				1770D7001D46108C00AC5AFE /* tvos */,
			);
			path = Source;
			sourceTree = "<group>";
		};
		1770D6D71D46108C00AC5AFE /* ios */ = {
			isa = PBXGroup;
			children = (
				1770D6D81D46108C00AC5AFE /* TraktAuthenticationViewController.swift */,
			);
			path = ios;
			sourceTree = "<group>";
		};
		1770D6D91D46108C00AC5AFE /* shared */ = {
			isa = PBXGroup;
			children = (
				1770D6DA1D46108C00AC5AFE /* Enums */,
				1770D6E11D46108C00AC5AFE /* Extensions.swift */,
				1770D6E21D46108C00AC5AFE /* Objects */,
				1770D6EB1D46108C00AC5AFE /* Protocols */,
				1770D6ED1D46108C00AC5AFE /* Requests */,
				1770D6FB1D46108C00AC5AFE /* Trakt.swift */,
				1770D6FC1D46108C00AC5AFE /* TraktAuthViewControllerDelegate.swift */,
				1770D6FD1D46108C00AC5AFE /* TraktRelease.swift */,
				1770D6FE1D46108C00AC5AFE /* TraktRequest.swift */,
				1770D6FF1D46108C00AC5AFE /* TraktToken.swift */,
			);
			path = shared;
			sourceTree = "<group>";
		};
		1770D6DA1D46108C00AC5AFE /* Enums */ = {
			isa = PBXGroup;
			children = (
				1770D6DB1D46108C00AC5AFE /* TraktCrewPosition.swift */,
				1770D6DC1D46108C00AC5AFE /* TraktError.swift */,
				1770D6DD1D46108C00AC5AFE /* TraktId.swift */,
				1770D6DE1D46108C00AC5AFE /* TraktImageSize.swift */,
				1770D6DF1D46108C00AC5AFE /* TraktImageType.swift */,
				1770D6E01D46108C00AC5AFE /* TraktReleaseType.swift */,
			);
			path = Enums;
			sourceTree = "<group>";
		};
		1770D6E21D46108C00AC5AFE /* Objects */ = {
			isa = PBXGroup;
			children = (
				1770D6E31D46108C00AC5AFE /* TraktCharacter.swift */,
				1770D6E41D46108C00AC5AFE /* TraktCrew.swift */,
				1770D6E51D46108C00AC5AFE /* TraktEpisode.swift */,
				1770D6E61D46108C00AC5AFE /* TraktMovie.swift */,
				1770D6E71D46108C00AC5AFE /* TraktObject.swift */,
				1770D6E81D46108C00AC5AFE /* TraktPerson.swift */,
				1770D6E91D46108C00AC5AFE /* TraktSeason.swift */,
				1770D6EA1D46108C00AC5AFE /* TraktShow.swift */,
			);
			path = Objects;
			sourceTree = "<group>";
		};
		1770D6EB1D46108C00AC5AFE /* Protocols */ = {
			isa = PBXGroup;
			children = (
				1770D6EC1D46108C00AC5AFE /* Requests.swift */,
			);
			path = Protocols;
			sourceTree = "<group>";
		};
		1770D6ED1D46108C00AC5AFE /* Requests */ = {
			isa = PBXGroup;
			children = (
				1770D6EE1D46108C00AC5AFE /* Authentication.swift */,
				1770D6EF1D46108C00AC5AFE /* Collection.swift */,
				1770D6F01D46108C00AC5AFE /* Episode.swift */,
				1770D6F11D46108C00AC5AFE /* History.swift */,
				1770D6F21D46108C00AC5AFE /* Movie.swift */,
				1770D6F31D46108C00AC5AFE /* People.swift */,
				1770D6F41D46108C00AC5AFE /* Rating.swift */,
				1770D6F51D46108C00AC5AFE /* Recommendations.swift */,
				1770D6F61D46108C00AC5AFE /* Search.swift */,
				1770D6F71D46108C00AC5AFE /* Season.swift */,
				1770D6F81D46108C00AC5AFE /* Show.swift */,
				1770D6F91D46108C00AC5AFE /* Trending.swift */,
				1770D6FA1D46108C00AC5AFE /* Watchlist.swift */,
			);
			path = Requests;
			sourceTree = "<group>";
		};
		1770D7001D46108C00AC5AFE /* tvos */ = {
			isa = PBXGroup;
			children = (
				1770D7011D46108C00AC5AFE /* TraktAuthenticationViewController.swift */,
				1770D7021D46108C00AC5AFE /* TraktAuthenticationViewController.xib */,
				1770D7031D46108C00AC5AFE /* TraktQRCode.png */,
			);
			path = tvos;
			sourceTree = "<group>";
		};
		1770D7AA1D4617D900AC5AFE /* Products */ = {
			isa = PBXGroup;
			children = (
				1770D7B51D4617D900AC5AFE /* Alamofire.framework */,
				1770D7B71D4617D900AC5AFE /* Alamofire iOS Tests.xctest */,
				1770D7B91D4617D900AC5AFE /* Alamofire.framework */,
				1770D7BB1D4617D900AC5AFE /* Alamofire OSX Tests.xctest */,
				1770D7BD1D4617D900AC5AFE /* Alamofire.framework */,
				1770D7BF1D4617D900AC5AFE /* Alamofire tvOS Tests.xctest */,
				1770D7C11D4617D900AC5AFE /* Alamofire.framework */,
			);
			name = Products;
			sourceTree = "<group>";
		};
		1770D7C31D4617E500AC5AFE /* Products */ = {
			isa = PBXGroup;
			children = (
				1770D7CF1D4617E500AC5AFE /* AlamofireImage.framework */,
				1770D7D11D4617E500AC5AFE /* AlamofireImage iOS Tests.xctest */,
				1770D7D31D4617E500AC5AFE /* AlamofireImage.framework */,
				1770D7D51D4617E500AC5AFE /* AlamofireImage OSX Tests.xctest */,
				1770D7D71D4617E500AC5AFE /* AlamofireImage.framework */,
				1770D7D91D4617E500AC5AFE /* AlamofireImage tvOS Tests.xctest */,
				1770D7DB1D4617E500AC5AFE /* AlamofireImage.framework */,
			);
			name = Products;
			sourceTree = "<group>";
		};
		1770D8E11D46442700AC5AFE /* Example */ = {
			isa = PBXGroup;
			children = (
				607FACD21AFB9204008FA782 /* iOS */,
				17109D041C05EF0A007D3D16 /* tvOS */,
				607FACD51AFB9204008FA782 /* AppDelegate.swift */,
				17109D071C05EF0A007D3D16 /* ViewController.swift */,
				17C504911CF4480600CF368A /* MovieViewController.swift */,
				1770D9061D46463500AC5AFE /* ShowViewController.swift */,
			);
			name = Example;
			sourceTree = "<group>";
		};
		1770D8E81D4644E700AC5AFE /* AKTrakt iOS */ = {
			isa = PBXGroup;
			children = (
				1770D8E91D4644E700AC5AFE /* AKTrakt iOS.h */,
				1770D8EA1D4644E700AC5AFE /* Info.plist */,
			);
			path = "AKTrakt iOS";
			sourceTree = "<group>";
		};
		179029B51CF5945F00078265 /* Tests */ = {
			isa = PBXGroup;
			children = (
				17C322DF1D09B28A003BFFA4 /* LoggedTests.swift */,
				179029B61CF5945F00078265 /* PublicTests.swift */,
				179029B81CF5945F00078265 /* Info.plist */,
			);
			path = Tests;
			sourceTree = "<group>";
		};
		607FACC71AFB9204008FA782 = {
			isa = PBXGroup;
			children = (
				1770D8E11D46442700AC5AFE /* Example */,
				1770D6D61D46108C00AC5AFE /* Source */,
				179029B51CF5945F00078265 /* Tests */,
				1770D6CA1D460FED00AC5AFE /* tvOS */,
				1770D8E81D4644E700AC5AFE /* AKTrakt iOS */,
				607FACD11AFB9204008FA782 /* Products */,
				1770D7A91D4617D900AC5AFE /* Alamofire.xcodeproj */,
				1770D7C21D4617E500AC5AFE /* AlamofireImage.xcodeproj */,
			);
			sourceTree = "<group>";
		};
		607FACD11AFB9204008FA782 /* Products */ = {
			isa = PBXGroup;
			children = (
				607FACD01AFB9204008FA782 /* Example iOS.app */,
				17109D031C05EF0A007D3D16 /* Example tvOS.app */,
				1770D6C91D460FED00AC5AFE /* AKTrakt.framework */,
				1770D8E71D4644E700AC5AFE /* AKTrakt.framework */,
			);
			name = Products;
			sourceTree = "<group>";
		};
		607FACD21AFB9204008FA782 /* iOS */ = {
			isa = PBXGroup;
			children = (
				17CFD26C1CF45CE00050315A /* Main.storyboard */,
				607FACD41AFB9204008FA782 /* Info.plist */,
				179029AE1CF4913D00078265 /* Default-568h@2x.png */,
			);
			name = iOS;
			path = Example/iOS;
			sourceTree = "<group>";
		};
/* End PBXGroup section */

/* Begin PBXHeadersBuildPhase section */
		1770D6C61D460FED00AC5AFE /* Headers */ = {
			isa = PBXHeadersBuildPhase;
			buildActionMask = 2147483647;
			files = (
				1770D6CD1D460FED00AC5AFE /* tvOS.h in Headers */,
			);
			runOnlyForDeploymentPostprocessing = 0;
		};
		1770D8E41D4644E700AC5AFE /* Headers */ = {
			isa = PBXHeadersBuildPhase;
			buildActionMask = 2147483647;
			files = (
				1770D8F91D4644E700AC5AFE /* AKTrakt iOS.h in Headers */,
			);
			runOnlyForDeploymentPostprocessing = 0;
		};
/* End PBXHeadersBuildPhase section */

/* Begin PBXNativeTarget section */
		17109D021C05EF0A007D3D16 /* Example tvOS */ = {
			isa = PBXNativeTarget;
			buildConfigurationList = 17109D0F1C05EF0A007D3D16 /* Build configuration list for PBXNativeTarget "Example tvOS" */;
			buildPhases = (
				17109CFF1C05EF0A007D3D16 /* Sources */,
				17109D001C05EF0A007D3D16 /* Frameworks */,
				17109D011C05EF0A007D3D16 /* Resources */,
				1770D6D51D460FED00AC5AFE /* Embed Frameworks */,
			);
			buildRules = (
			);
			dependencies = (
				1770D6CF1D460FED00AC5AFE /* PBXTargetDependency */,
			);
			name = "Example tvOS";
			productName = AKTrakt_TvOS_Example;
			productReference = 17109D031C05EF0A007D3D16 /* Example tvOS.app */;
			productType = "com.apple.product-type.application";
		};
		1770D6C81D460FED00AC5AFE /* AKTrakt tvOS */ = {
			isa = PBXNativeTarget;
			buildConfigurationList = 1770D6D41D460FED00AC5AFE /* Build configuration list for PBXNativeTarget "AKTrakt tvOS" */;
			buildPhases = (
				1770D6C41D460FED00AC5AFE /* Sources */,
				1770D6C51D460FED00AC5AFE /* Frameworks */,
				1770D6C61D460FED00AC5AFE /* Headers */,
				1770D6C71D460FED00AC5AFE /* Resources */,
			);
			buildRules = (
			);
			dependencies = (
			);
			name = "AKTrakt tvOS";
			productName = tvOS;
			productReference = 1770D6C91D460FED00AC5AFE /* AKTrakt.framework */;
			productType = "com.apple.product-type.framework";
		};
		1770D8E61D4644E700AC5AFE /* AKTrakt iOS */ = {
			isa = PBXNativeTarget;
			buildConfigurationList = 1770D8FE1D4644E700AC5AFE /* Build configuration list for PBXNativeTarget "AKTrakt iOS" */;
			buildPhases = (
				1770D8E21D4644E700AC5AFE /* Sources */,
				1770D8E31D4644E700AC5AFE /* Frameworks */,
				1770D8E41D4644E700AC5AFE /* Headers */,
				1770D8E51D4644E700AC5AFE /* Resources */,
			);
			buildRules = (
			);
			dependencies = (
			);
			name = "AKTrakt iOS";
			productName = "AKTrakt iOS";
			productReference = 1770D8E71D4644E700AC5AFE /* AKTrakt.framework */;
			productType = "com.apple.product-type.framework";
		};
		607FACCF1AFB9204008FA782 /* Example iOS */ = {
			isa = PBXNativeTarget;
			buildConfigurationList = 607FACEF1AFB9204008FA782 /* Build configuration list for PBXNativeTarget "Example iOS" */;
			buildPhases = (
				607FACCC1AFB9204008FA782 /* Sources */,
				607FACCD1AFB9204008FA782 /* Frameworks */,
				607FACCE1AFB9204008FA782 /* Resources */,
				174FE9251C85917000FA2EAE /* 🛡 Swift lint */,
				1770D9011D4644E700AC5AFE /* Embed Frameworks */,
			);
			buildRules = (
			);
			dependencies = (
				1770D8FB1D4644E700AC5AFE /* PBXTargetDependency */,
			);
			name = "Example iOS";
			productName = AKTrakt;
			productReference = 607FACD01AFB9204008FA782 /* Example iOS.app */;
			productType = "com.apple.product-type.application";
		};
/* End PBXNativeTarget section */

/* Begin PBXProject section */
		607FACC81AFB9204008FA782 /* Project object */ = {
			isa = PBXProject;
			attributes = {
				LastSwiftUpdateCheck = 0800;
				LastUpgradeCheck = 0800;
				ORGANIZATIONNAME = CocoaPods;
				TargetAttributes = {
					17109D021C05EF0A007D3D16 = {
						CreatedOnToolsVersion = 7.1.1;
						LastSwiftMigration = 0800;
					};
					1770D6C81D460FED00AC5AFE = {
						CreatedOnToolsVersion = 8.0;
						ProvisioningStyle = Automatic;
					};
					1770D8E61D4644E700AC5AFE = {
						CreatedOnToolsVersion = 8.0;
						ProvisioningStyle = Automatic;
					};
					607FACCF1AFB9204008FA782 = {
						CreatedOnToolsVersion = 6.3.1;
					};
				};
			};
			buildConfigurationList = 607FACCB1AFB9204008FA782 /* Build configuration list for PBXProject "AKTrakt" */;
			compatibilityVersion = "Xcode 6.3";
			developmentRegion = English;
			hasScannedForEncodings = 0;
			knownRegions = (
				en,
			);
			mainGroup = 607FACC71AFB9204008FA782;
			productRefGroup = 607FACD11AFB9204008FA782 /* Products */;
			projectDirPath = "";
			projectReferences = (
				{
					ProductGroup = 1770D7AA1D4617D900AC5AFE /* Products */;
					ProjectRef = 1770D7A91D4617D900AC5AFE /* Alamofire.xcodeproj */;
				},
				{
					ProductGroup = 1770D7C31D4617E500AC5AFE /* Products */;
					ProjectRef = 1770D7C21D4617E500AC5AFE /* AlamofireImage.xcodeproj */;
				},
			);
			projectRoot = "";
			targets = (
				607FACCF1AFB9204008FA782 /* Example iOS */,
				17109D021C05EF0A007D3D16 /* Example tvOS */,
				1770D8E61D4644E700AC5AFE /* AKTrakt iOS */,
				1770D6C81D460FED00AC5AFE /* AKTrakt tvOS */,
			);
		};
/* End PBXProject section */

/* Begin PBXReferenceProxy section */
		1770D7B51D4617D900AC5AFE /* Alamofire.framework */ = {
			isa = PBXReferenceProxy;
			fileType = wrapper.framework;
			path = Alamofire.framework;
			remoteRef = 1770D7B41D4617D900AC5AFE /* PBXContainerItemProxy */;
			sourceTree = BUILT_PRODUCTS_DIR;
		};
		1770D7B71D4617D900AC5AFE /* Alamofire iOS Tests.xctest */ = {
			isa = PBXReferenceProxy;
			fileType = wrapper.cfbundle;
			path = "Alamofire iOS Tests.xctest";
			remoteRef = 1770D7B61D4617D900AC5AFE /* PBXContainerItemProxy */;
			sourceTree = BUILT_PRODUCTS_DIR;
		};
		1770D7B91D4617D900AC5AFE /* Alamofire.framework */ = {
			isa = PBXReferenceProxy;
			fileType = wrapper.framework;
			path = Alamofire.framework;
			remoteRef = 1770D7B81D4617D900AC5AFE /* PBXContainerItemProxy */;
			sourceTree = BUILT_PRODUCTS_DIR;
		};
		1770D7BB1D4617D900AC5AFE /* Alamofire OSX Tests.xctest */ = {
			isa = PBXReferenceProxy;
			fileType = wrapper.cfbundle;
			path = "Alamofire OSX Tests.xctest";
			remoteRef = 1770D7BA1D4617D900AC5AFE /* PBXContainerItemProxy */;
			sourceTree = BUILT_PRODUCTS_DIR;
		};
		1770D7BD1D4617D900AC5AFE /* Alamofire.framework */ = {
			isa = PBXReferenceProxy;
			fileType = wrapper.framework;
			path = Alamofire.framework;
			remoteRef = 1770D7BC1D4617D900AC5AFE /* PBXContainerItemProxy */;
			sourceTree = BUILT_PRODUCTS_DIR;
		};
		1770D7BF1D4617D900AC5AFE /* Alamofire tvOS Tests.xctest */ = {
			isa = PBXReferenceProxy;
			fileType = wrapper.cfbundle;
			path = "Alamofire tvOS Tests.xctest";
			remoteRef = 1770D7BE1D4617D900AC5AFE /* PBXContainerItemProxy */;
			sourceTree = BUILT_PRODUCTS_DIR;
		};
		1770D7C11D4617D900AC5AFE /* Alamofire.framework */ = {
			isa = PBXReferenceProxy;
			fileType = wrapper.framework;
			path = Alamofire.framework;
			remoteRef = 1770D7C01D4617D900AC5AFE /* PBXContainerItemProxy */;
			sourceTree = BUILT_PRODUCTS_DIR;
		};
		1770D7CF1D4617E500AC5AFE /* AlamofireImage.framework */ = {
			isa = PBXReferenceProxy;
			fileType = wrapper.framework;
			path = AlamofireImage.framework;
			remoteRef = 1770D7CE1D4617E500AC5AFE /* PBXContainerItemProxy */;
			sourceTree = BUILT_PRODUCTS_DIR;
		};
		1770D7D11D4617E500AC5AFE /* AlamofireImage iOS Tests.xctest */ = {
			isa = PBXReferenceProxy;
			fileType = wrapper.cfbundle;
			path = "AlamofireImage iOS Tests.xctest";
			remoteRef = 1770D7D01D4617E500AC5AFE /* PBXContainerItemProxy */;
			sourceTree = BUILT_PRODUCTS_DIR;
		};
		1770D7D31D4617E500AC5AFE /* AlamofireImage.framework */ = {
			isa = PBXReferenceProxy;
			fileType = wrapper.framework;
			path = AlamofireImage.framework;
			remoteRef = 1770D7D21D4617E500AC5AFE /* PBXContainerItemProxy */;
			sourceTree = BUILT_PRODUCTS_DIR;
		};
		1770D7D51D4617E500AC5AFE /* AlamofireImage OSX Tests.xctest */ = {
			isa = PBXReferenceProxy;
			fileType = wrapper.cfbundle;
			path = "AlamofireImage OSX Tests.xctest";
			remoteRef = 1770D7D41D4617E500AC5AFE /* PBXContainerItemProxy */;
			sourceTree = BUILT_PRODUCTS_DIR;
		};
		1770D7D71D4617E500AC5AFE /* AlamofireImage.framework */ = {
			isa = PBXReferenceProxy;
			fileType = wrapper.framework;
			path = AlamofireImage.framework;
			remoteRef = 1770D7D61D4617E500AC5AFE /* PBXContainerItemProxy */;
			sourceTree = BUILT_PRODUCTS_DIR;
		};
		1770D7D91D4617E500AC5AFE /* AlamofireImage tvOS Tests.xctest */ = {
			isa = PBXReferenceProxy;
			fileType = wrapper.cfbundle;
			path = "AlamofireImage tvOS Tests.xctest";
			remoteRef = 1770D7D81D4617E500AC5AFE /* PBXContainerItemProxy */;
			sourceTree = BUILT_PRODUCTS_DIR;
		};
		1770D7DB1D4617E500AC5AFE /* AlamofireImage.framework */ = {
			isa = PBXReferenceProxy;
			fileType = wrapper.framework;
			path = AlamofireImage.framework;
			remoteRef = 1770D7DA1D4617E500AC5AFE /* PBXContainerItemProxy */;
			sourceTree = BUILT_PRODUCTS_DIR;
		};
/* End PBXReferenceProxy section */

/* Begin PBXResourcesBuildPhase section */
		17109D011C05EF0A007D3D16 /* Resources */ = {
			isa = PBXResourcesBuildPhase;
			buildActionMask = 2147483647;
			files = (
				17CFD2731CF45DB90050315A /* Main.storyboard in Resources */,
			);
			runOnlyForDeploymentPostprocessing = 0;
		};
		1770D6C71D460FED00AC5AFE /* Resources */ = {
			isa = PBXResourcesBuildPhase;
			buildActionMask = 2147483647;
			files = (
				1770D79B1D46108C00AC5AFE /* TraktQRCode.png in Resources */,
				1770D7971D46108C00AC5AFE /* TraktAuthenticationViewController.xib in Resources */,
			);
			runOnlyForDeploymentPostprocessing = 0;
		};
		1770D8E51D4644E700AC5AFE /* Resources */ = {
			isa = PBXResourcesBuildPhase;
			buildActionMask = 2147483647;
			files = (
			);
			runOnlyForDeploymentPostprocessing = 0;
		};
		607FACCE1AFB9204008FA782 /* Resources */ = {
			isa = PBXResourcesBuildPhase;
			buildActionMask = 2147483647;
			files = (
				17CFD26D1CF45CE00050315A /* Main.storyboard in Resources */,
				179029AF1CF4913D00078265 /* Default-568h@2x.png in Resources */,
			);
			runOnlyForDeploymentPostprocessing = 0;
		};
/* End PBXResourcesBuildPhase section */

/* Begin PBXShellScriptBuildPhase section */
		174FE9251C85917000FA2EAE /* 🛡 Swift lint */ = {
			isa = PBXShellScriptBuildPhase;
			buildActionMask = 2147483647;
			files = (
			);
			inputPaths = (
			);
			name = "🛡 Swift lint";
			outputPaths = (
			);
			runOnlyForDeploymentPostprocessing = 0;
			shellPath = /bin/sh;
			shellScript = "if which swiftlint >/dev/null; then\nswiftlint\nelse\necho \"SwiftLint does not exist, download from https://github.com/realm/SwiftLint\"\nfi";
		};
/* End PBXShellScriptBuildPhase section */

/* Begin PBXSourcesBuildPhase section */
		17109CFF1C05EF0A007D3D16 /* Sources */ = {
			isa = PBXSourcesBuildPhase;
			buildActionMask = 2147483647;
			files = (
				17F050031C91E044006F448F /* AppDelegate.swift in Sources */,
				17109D081C05EF0A007D3D16 /* ViewController.swift in Sources */,
				17C504931CF4480600CF368A /* MovieViewController.swift in Sources */,
				1770D9081D46463500AC5AFE /* ShowViewController.swift in Sources */,
			);
			runOnlyForDeploymentPostprocessing = 0;
		};
		1770D6C41D460FED00AC5AFE /* Sources */ = {
			isa = PBXSourcesBuildPhase;
			buildActionMask = 2147483647;
			files = (
				1770D73F1D46108C00AC5AFE /* TraktSeason.swift in Sources */,
				1770D7431D46108C00AC5AFE /* TraktShow.swift in Sources */,
				1770D78B1D46108C00AC5AFE /* TraktRequest.swift in Sources */,
				1770D72F1D46108C00AC5AFE /* TraktEpisode.swift in Sources */,
				1770D7331D46108C00AC5AFE /* TraktMovie.swift in Sources */,
				1770D7771D46108C00AC5AFE /* Trending.swift in Sources */,
				1770D7171D46108C00AC5AFE /* TraktImageSize.swift in Sources */,
				1770D72B1D46108C00AC5AFE /* TraktCrew.swift in Sources */,
				1770D7871D46108C00AC5AFE /* TraktRelease.swift in Sources */,
				1770D71F1D46108C00AC5AFE /* TraktReleaseType.swift in Sources */,
				1770D74F1D46108C00AC5AFE /* Collection.swift in Sources */,
				1770D73B1D46108C00AC5AFE /* TraktPerson.swift in Sources */,
				1770D7571D46108C00AC5AFE /* History.swift in Sources */,
				1770D7371D46108C00AC5AFE /* TraktObject.swift in Sources */,
				1770D7471D46108C00AC5AFE /* Requests.swift in Sources */,
				1770D7631D46108C00AC5AFE /* Rating.swift in Sources */,
				1770D76B1D46108C00AC5AFE /* Search.swift in Sources */,
				1770D70B1D46108C00AC5AFE /* TraktCrewPosition.swift in Sources */,
				1770D7671D46108C00AC5AFE /* Recommendations.swift in Sources */,
				1770D77F1D46108C00AC5AFE /* Trakt.swift in Sources */,
				1770D7831D46108C00AC5AFE /* TraktAuthViewControllerDelegate.swift in Sources */,
				1770D7231D46108C00AC5AFE /* Extensions.swift in Sources */,
				1770D7531D46108C00AC5AFE /* Episode.swift in Sources */,
				1770D7731D46108C00AC5AFE /* Show.swift in Sources */,
				1770D70F1D46108C00AC5AFE /* TraktError.swift in Sources */,
				1770D76F1D46108C00AC5AFE /* Season.swift in Sources */,
				1770D7931D46108C00AC5AFE /* TraktAuthenticationViewController.swift in Sources */,
				1770D77B1D46108C00AC5AFE /* Watchlist.swift in Sources */,
				1770D78F1D46108C00AC5AFE /* TraktToken.swift in Sources */,
				1770D71B1D46108C00AC5AFE /* TraktImageType.swift in Sources */,
				1770D7271D46108C00AC5AFE /* TraktCharacter.swift in Sources */,
				1770D7131D46108C00AC5AFE /* TraktId.swift in Sources */,
				1770D75F1D46108C00AC5AFE /* People.swift in Sources */,
				1770D75B1D46108C00AC5AFE /* Movie.swift in Sources */,
				1770D74B1D46108C00AC5AFE /* Authentication.swift in Sources */,
			);
			runOnlyForDeploymentPostprocessing = 0;
		};
		1770D8E21D4644E700AC5AFE /* Sources */ = {
			isa = PBXSourcesBuildPhase;
			buildActionMask = 2147483647;
			files = (
				1770D90D1D46481A00AC5AFE /* TraktImageType.swift in Sources */,
				1770D9151D46482000AC5AFE /* TraktSeason.swift in Sources */,
				1770D91B1D46482800AC5AFE /* History.swift in Sources */,
				1770D9191D46482800AC5AFE /* Collection.swift in Sources */,
				1770D9261D46482E00AC5AFE /* TraktAuthViewControllerDelegate.swift in Sources */,
				1770D9141D46482000AC5AFE /* TraktPerson.swift in Sources */,
				1770D9171D46482400AC5AFE /* Requests.swift in Sources */,
				1770D9121D46482000AC5AFE /* TraktMovie.swift in Sources */,
				1770D9131D46482000AC5AFE /* TraktObject.swift in Sources */,
				1770D92A1D46483100AC5AFE /* TraktAuthenticationViewController.swift in Sources */,
				1770D9271D46482E00AC5AFE /* TraktRelease.swift in Sources */,
				1770D91A1D46482800AC5AFE /* Episode.swift in Sources */,
				1770D9101D46482000AC5AFE /* TraktCrew.swift in Sources */,
				1770D9291D46482E00AC5AFE /* TraktToken.swift in Sources */,
				1770D9221D46482800AC5AFE /* Show.swift in Sources */,
				1770D9091D46481A00AC5AFE /* TraktCrewPosition.swift in Sources */,
				1770D9231D46482800AC5AFE /* Trending.swift in Sources */,
				1770D9241D46482800AC5AFE /* Watchlist.swift in Sources */,
				1770D90A1D46481A00AC5AFE /* TraktError.swift in Sources */,
				1770D90B1D46481A00AC5AFE /* TraktId.swift in Sources */,
				1770D92B1D46487E00AC5AFE /* Extensions.swift in Sources */,
				1770D91D1D46482800AC5AFE /* People.swift in Sources */,
				1770D90E1D46481A00AC5AFE /* TraktReleaseType.swift in Sources */,
				1770D91C1D46482800AC5AFE /* Movie.swift in Sources */,
				1770D91E1D46482800AC5AFE /* Rating.swift in Sources */,
				1770D9211D46482800AC5AFE /* Season.swift in Sources */,
				1770D9111D46482000AC5AFE /* TraktEpisode.swift in Sources */,
				1770D9251D46482E00AC5AFE /* Trakt.swift in Sources */,
				1770D90F1D46482000AC5AFE /* TraktCharacter.swift in Sources */,
				1770D91F1D46482800AC5AFE /* Recommendations.swift in Sources */,
				1770D90C1D46481A00AC5AFE /* TraktImageSize.swift in Sources */,
				1770D9281D46482E00AC5AFE /* TraktRequest.swift in Sources */,
				1770D9201D46482800AC5AFE /* Search.swift in Sources */,
				1770D9161D46482000AC5AFE /* TraktShow.swift in Sources */,
				1770D9181D46482800AC5AFE /* Authentication.swift in Sources */,
			);
			runOnlyForDeploymentPostprocessing = 0;
		};
		607FACCC1AFB9204008FA782 /* Sources */ = {
			isa = PBXSourcesBuildPhase;
			buildActionMask = 2147483647;
			files = (
				17F050011C91D789006F448F /* ViewController.swift in Sources */,
				607FACD61AFB9204008FA782 /* AppDelegate.swift in Sources */,
				17C504921CF4480600CF368A /* MovieViewController.swift in Sources */,
				1770D9071D46463500AC5AFE /* ShowViewController.swift in Sources */,
			);
			runOnlyForDeploymentPostprocessing = 0;
		};
/* End PBXSourcesBuildPhase section */

/* Begin PBXTargetDependency section */
		1770D6CF1D460FED00AC5AFE /* PBXTargetDependency */ = {
			isa = PBXTargetDependency;
			target = 1770D6C81D460FED00AC5AFE /* AKTrakt tvOS */;
			targetProxy = 1770D6CE1D460FED00AC5AFE /* PBXContainerItemProxy */;
		};
		1770D8FB1D4644E700AC5AFE /* PBXTargetDependency */ = {
			isa = PBXTargetDependency;
			target = 1770D8E61D4644E700AC5AFE /* AKTrakt iOS */;
			targetProxy = 1770D8FA1D4644E700AC5AFE /* PBXContainerItemProxy */;
		};
/* End PBXTargetDependency section */

/* Begin XCBuildConfiguration section */
		17109D101C05EF0A007D3D16 /* Debug */ = {
			isa = XCBuildConfiguration;
			buildSettings = {
				ALWAYS_EMBED_SWIFT_STANDARD_LIBRARIES = YES;
				DEBUG_INFORMATION_FORMAT = dwarf;
				ENABLE_TESTABILITY = YES;
				FRAMEWORK_SEARCH_PATHS = (
					"$(inherited)",
					"$(PROJECT_DIR)/Carthage/Build/tvOS",
				);
				INFOPLIST_FILE = "$(SRCROOT)/Example/tvOS/Info.plist";
				LD_RUNPATH_SEARCH_PATHS = "$(inherited) @executable_path/Frameworks";
				PRODUCT_BUNDLE_IDENTIFIER = "com.arsonik.AKTrakt-TvOS-Example";
				PRODUCT_NAME = "$(TARGET_NAME)";
				SDKROOT = appletvos;
				SWIFT_VERSION = 3.0;
				TARGETED_DEVICE_FAMILY = 3;
				TVOS_DEPLOYMENT_TARGET = 9.0;
			};
			name = Debug;
		};
		17109D111C05EF0A007D3D16 /* Release */ = {
			isa = XCBuildConfiguration;
			buildSettings = {
				ALWAYS_EMBED_SWIFT_STANDARD_LIBRARIES = YES;
				FRAMEWORK_SEARCH_PATHS = (
					"$(inherited)",
					"$(PROJECT_DIR)/Carthage/Build/tvOS",
				);
				INFOPLIST_FILE = "$(SRCROOT)/Example/tvOS/Info.plist";
				LD_RUNPATH_SEARCH_PATHS = "$(inherited) @executable_path/Frameworks";
				PRODUCT_BUNDLE_IDENTIFIER = "com.arsonik.AKTrakt-TvOS-Example";
				PRODUCT_NAME = "$(TARGET_NAME)";
				SDKROOT = appletvos;
				SWIFT_OPTIMIZATION_LEVEL = "-Owholemodule";
				SWIFT_VERSION = 3.0;
				TARGETED_DEVICE_FAMILY = 3;
				TVOS_DEPLOYMENT_TARGET = 9.0;
			};
			name = Release;
		};
		1770D6D21D460FED00AC5AFE /* Debug */ = {
			isa = XCBuildConfiguration;
			buildSettings = {
				APPLICATION_EXTENSION_API_ONLY = YES;
				CLANG_ANALYZER_NONNULL = YES;
				CLANG_WARN_DOCUMENTATION_COMMENTS = YES;
				CODE_SIGN_IDENTITY = "iPhone Developer";
				CURRENT_PROJECT_VERSION = 1;
				DEBUG_INFORMATION_FORMAT = dwarf;
				DEFINES_MODULE = YES;
				DYLIB_COMPATIBILITY_VERSION = 1;
				DYLIB_CURRENT_VERSION = 1;
				DYLIB_INSTALL_NAME_BASE = "@rpath";
				INFOPLIST_FILE = tvOS/Info.plist;
				INSTALL_PATH = "$(LOCAL_LIBRARY_DIR)/Frameworks";
				LD_RUNPATH_SEARCH_PATHS = "$(inherited) @executable_path/Frameworks @loader_path/Frameworks";
				PRODUCT_BUNDLE_IDENTIFIER = com.arsonik.AKTrakt;
				PRODUCT_NAME = AKTrakt;
				SDKROOT = appletvos;
				SKIP_INSTALL = YES;
				SWIFT_ACTIVE_COMPILATION_CONDITIONS = DEBUG;
				SWIFT_VERSION = 3.0;
				TARGETED_DEVICE_FAMILY = 3;
				TVOS_DEPLOYMENT_TARGET = 9.0;
				VERSIONING_SYSTEM = "apple-generic";
				VERSION_INFO_PREFIX = "";
			};
			name = Debug;
		};
		1770D6D31D460FED00AC5AFE /* Release */ = {
			isa = XCBuildConfiguration;
			buildSettings = {
				APPLICATION_EXTENSION_API_ONLY = YES;
				CLANG_ANALYZER_NONNULL = YES;
				CLANG_WARN_DOCUMENTATION_COMMENTS = YES;
				CODE_SIGN_IDENTITY = "iPhone Developer";
				CURRENT_PROJECT_VERSION = 1;
				DEFINES_MODULE = YES;
				DYLIB_COMPATIBILITY_VERSION = 1;
				DYLIB_CURRENT_VERSION = 1;
				DYLIB_INSTALL_NAME_BASE = "@rpath";
				INFOPLIST_FILE = tvOS/Info.plist;
				INSTALL_PATH = "$(LOCAL_LIBRARY_DIR)/Frameworks";
				LD_RUNPATH_SEARCH_PATHS = "$(inherited) @executable_path/Frameworks @loader_path/Frameworks";
				PRODUCT_BUNDLE_IDENTIFIER = com.arsonik.AKTrakt;
				PRODUCT_NAME = AKTrakt;
				SDKROOT = appletvos;
				SKIP_INSTALL = YES;
				SWIFT_OPTIMIZATION_LEVEL = "-Owholemodule";
				SWIFT_VERSION = 3.0;
				TARGETED_DEVICE_FAMILY = 3;
				TVOS_DEPLOYMENT_TARGET = 9.0;
				VERSIONING_SYSTEM = "apple-generic";
				VERSION_INFO_PREFIX = "";
			};
			name = Release;
		};
		1770D8FF1D4644E700AC5AFE /* Debug */ = {
			isa = XCBuildConfiguration;
			buildSettings = {
				APPLICATION_EXTENSION_API_ONLY = YES;
				CLANG_ANALYZER_NONNULL = YES;
				CLANG_WARN_DOCUMENTATION_COMMENTS = YES;
				CODE_SIGN_IDENTITY = "";
				CURRENT_PROJECT_VERSION = 1;
				DEBUG_INFORMATION_FORMAT = dwarf;
				DEFINES_MODULE = YES;
				DYLIB_COMPATIBILITY_VERSION = 1;
				DYLIB_CURRENT_VERSION = 1;
				DYLIB_INSTALL_NAME_BASE = "@rpath";
				INFOPLIST_FILE = "AKTrakt iOS/Info.plist";
				INSTALL_PATH = "$(LOCAL_LIBRARY_DIR)/Frameworks";
				IPHONEOS_DEPLOYMENT_TARGET = 9.0;
				LD_RUNPATH_SEARCH_PATHS = "$(inherited) @executable_path/Frameworks @loader_path/Frameworks";
				PRODUCT_BUNDLE_IDENTIFIER = com.arsonik.AKTrakt;
				PRODUCT_NAME = AKTrakt;
				SKIP_INSTALL = YES;
				SWIFT_ACTIVE_COMPILATION_CONDITIONS = DEBUG;
				SWIFT_VERSION = 3.0;
				TARGETED_DEVICE_FAMILY = "1,2";
				VERSIONING_SYSTEM = "apple-generic";
				VERSION_INFO_PREFIX = "";
			};
			name = Debug;
		};
		1770D9001D4644E700AC5AFE /* Release */ = {
			isa = XCBuildConfiguration;
			buildSettings = {
				APPLICATION_EXTENSION_API_ONLY = YES;
				CLANG_ANALYZER_NONNULL = YES;
				CLANG_WARN_DOCUMENTATION_COMMENTS = YES;
				CODE_SIGN_IDENTITY = "";
				CURRENT_PROJECT_VERSION = 1;
				DEFINES_MODULE = YES;
				DYLIB_COMPATIBILITY_VERSION = 1;
				DYLIB_CURRENT_VERSION = 1;
				DYLIB_INSTALL_NAME_BASE = "@rpath";
				INFOPLIST_FILE = "AKTrakt iOS/Info.plist";
				INSTALL_PATH = "$(LOCAL_LIBRARY_DIR)/Frameworks";
				IPHONEOS_DEPLOYMENT_TARGET = 9.0;
				LD_RUNPATH_SEARCH_PATHS = "$(inherited) @executable_path/Frameworks @loader_path/Frameworks";
				PRODUCT_BUNDLE_IDENTIFIER = com.arsonik.AKTrakt;
				PRODUCT_NAME = AKTrakt;
				SKIP_INSTALL = YES;
				SWIFT_OPTIMIZATION_LEVEL = "-Owholemodule";
				SWIFT_VERSION = 3.0;
				TARGETED_DEVICE_FAMILY = "1,2";
				VERSIONING_SYSTEM = "apple-generic";
				VERSION_INFO_PREFIX = "";
			};
			name = Release;
		};
		607FACED1AFB9204008FA782 /* Debug */ = {
			isa = XCBuildConfiguration;
			buildSettings = {
				ALWAYS_SEARCH_USER_PATHS = NO;
				CLANG_CXX_LANGUAGE_STANDARD = "gnu++0x";
				CLANG_CXX_LIBRARY = "libc++";
				CLANG_ENABLE_MODULES = YES;
				CLANG_ENABLE_OBJC_ARC = YES;
				CLANG_WARN_BOOL_CONVERSION = YES;
				CLANG_WARN_CONSTANT_CONVERSION = YES;
				CLANG_WARN_DIRECT_OBJC_ISA_USAGE = YES_ERROR;
				CLANG_WARN_EMPTY_BODY = YES;
				CLANG_WARN_ENUM_CONVERSION = YES;
				CLANG_WARN_INT_CONVERSION = YES;
				CLANG_WARN_OBJC_ROOT_CLASS = YES_ERROR;
				CLANG_WARN_UNREACHABLE_CODE = YES;
				CLANG_WARN__DUPLICATE_METHOD_MATCH = YES;
				"CODE_SIGN_IDENTITY[sdk=iphoneos*]" = "iPhone Developer";
				COPY_PHASE_STRIP = NO;
				DEBUG_INFORMATION_FORMAT = "dwarf-with-dsym";
				ENABLE_STRICT_OBJC_MSGSEND = YES;
				ENABLE_TESTABILITY = YES;
				GCC_C_LANGUAGE_STANDARD = gnu99;
				GCC_DYNAMIC_NO_PIC = NO;
				GCC_NO_COMMON_BLOCKS = YES;
				GCC_OPTIMIZATION_LEVEL = 0;
				GCC_PREPROCESSOR_DEFINITIONS = (
					"DEBUG=1",
					"$(inherited)",
				);
				GCC_SYMBOLS_PRIVATE_EXTERN = NO;
				GCC_WARN_64_TO_32_BIT_CONVERSION = YES;
				GCC_WARN_ABOUT_RETURN_TYPE = YES_ERROR;
				GCC_WARN_UNDECLARED_SELECTOR = YES;
				GCC_WARN_UNINITIALIZED_AUTOS = YES_AGGRESSIVE;
				GCC_WARN_UNUSED_FUNCTION = YES;
				GCC_WARN_UNUSED_VARIABLE = YES;
				IPHONEOS_DEPLOYMENT_TARGET = 9.0;
				MTL_ENABLE_DEBUG_INFO = YES;
				ONLY_ACTIVE_ARCH = YES;
				SDKROOT = iphoneos;
				SWIFT_OPTIMIZATION_LEVEL = "-Onone";
			};
			name = Debug;
		};
		607FACEE1AFB9204008FA782 /* Release */ = {
			isa = XCBuildConfiguration;
			buildSettings = {
				ALWAYS_SEARCH_USER_PATHS = NO;
				CLANG_CXX_LANGUAGE_STANDARD = "gnu++0x";
				CLANG_CXX_LIBRARY = "libc++";
				CLANG_ENABLE_MODULES = YES;
				CLANG_ENABLE_OBJC_ARC = YES;
				CLANG_WARN_BOOL_CONVERSION = YES;
				CLANG_WARN_CONSTANT_CONVERSION = YES;
				CLANG_WARN_DIRECT_OBJC_ISA_USAGE = YES_ERROR;
				CLANG_WARN_EMPTY_BODY = YES;
				CLANG_WARN_ENUM_CONVERSION = YES;
				CLANG_WARN_INT_CONVERSION = YES;
				CLANG_WARN_OBJC_ROOT_CLASS = YES_ERROR;
				CLANG_WARN_UNREACHABLE_CODE = YES;
				CLANG_WARN__DUPLICATE_METHOD_MATCH = YES;
				"CODE_SIGN_IDENTITY[sdk=iphoneos*]" = "iPhone Developer";
				COPY_PHASE_STRIP = NO;
				DEBUG_INFORMATION_FORMAT = "dwarf-with-dsym";
				ENABLE_NS_ASSERTIONS = NO;
				ENABLE_STRICT_OBJC_MSGSEND = YES;
				GCC_C_LANGUAGE_STANDARD = gnu99;
				GCC_NO_COMMON_BLOCKS = YES;
				GCC_WARN_64_TO_32_BIT_CONVERSION = YES;
				GCC_WARN_ABOUT_RETURN_TYPE = YES_ERROR;
				GCC_WARN_UNDECLARED_SELECTOR = YES;
				GCC_WARN_UNINITIALIZED_AUTOS = YES_AGGRESSIVE;
				GCC_WARN_UNUSED_FUNCTION = YES;
				GCC_WARN_UNUSED_VARIABLE = YES;
				IPHONEOS_DEPLOYMENT_TARGET = 9.0;
				MTL_ENABLE_DEBUG_INFO = NO;
				SDKROOT = iphoneos;
				VALIDATE_PRODUCT = YES;
			};
			name = Release;
		};
		607FACF01AFB9204008FA782 /* Debug */ = {
			isa = XCBuildConfiguration;
			buildSettings = {
				ALWAYS_EMBED_SWIFT_STANDARD_LIBRARIES = YES;
				INFOPLIST_FILE = "$(SRCROOT)/Example/iOS/Info.plist";
				LD_RUNPATH_SEARCH_PATHS = "$(inherited) @executable_path/Frameworks";
				MODULE_NAME = ExampleApp;
				PRODUCT_BUNDLE_IDENTIFIER = "org.cocoapods.demo.$(PRODUCT_NAME:rfc1034identifier)";
				PRODUCT_NAME = "$(TARGET_NAME)";
				SWIFT_VERSION = 3.0;
				TARGETED_DEVICE_FAMILY = "1,2";
			};
			name = Debug;
		};
		607FACF11AFB9204008FA782 /* Release */ = {
			isa = XCBuildConfiguration;
			buildSettings = {
				ALWAYS_EMBED_SWIFT_STANDARD_LIBRARIES = YES;
				INFOPLIST_FILE = "$(SRCROOT)/Example/iOS/Info.plist";
				LD_RUNPATH_SEARCH_PATHS = "$(inherited) @executable_path/Frameworks";
				MODULE_NAME = ExampleApp;
				PRODUCT_BUNDLE_IDENTIFIER = "org.cocoapods.demo.$(PRODUCT_NAME:rfc1034identifier)";
				PRODUCT_NAME = "$(TARGET_NAME)";
				SWIFT_OPTIMIZATION_LEVEL = "-Owholemodule";
				SWIFT_VERSION = 3.0;
				TARGETED_DEVICE_FAMILY = "1,2";
			};
			name = Release;
		};
/* End XCBuildConfiguration section */

/* Begin XCConfigurationList section */
		17109D0F1C05EF0A007D3D16 /* Build configuration list for PBXNativeTarget "Example tvOS" */ = {
			isa = XCConfigurationList;
			buildConfigurations = (
				17109D101C05EF0A007D3D16 /* Debug */,
				17109D111C05EF0A007D3D16 /* Release */,
			);
			defaultConfigurationIsVisible = 0;
			defaultConfigurationName = Release;
		};
		1770D6D41D460FED00AC5AFE /* Build configuration list for PBXNativeTarget "AKTrakt tvOS" */ = {
			isa = XCConfigurationList;
			buildConfigurations = (
				1770D6D21D460FED00AC5AFE /* Debug */,
				1770D6D31D460FED00AC5AFE /* Release */,
			);
			defaultConfigurationIsVisible = 0;
			defaultConfigurationName = Release;
		};
		1770D8FE1D4644E700AC5AFE /* Build configuration list for PBXNativeTarget "AKTrakt iOS" */ = {
			isa = XCConfigurationList;
			buildConfigurations = (
				1770D8FF1D4644E700AC5AFE /* Debug */,
				1770D9001D4644E700AC5AFE /* Release */,
			);
			defaultConfigurationIsVisible = 0;
			defaultConfigurationName = Release;
		};
		607FACCB1AFB9204008FA782 /* Build configuration list for PBXProject "AKTrakt" */ = {
			isa = XCConfigurationList;
			buildConfigurations = (
				607FACED1AFB9204008FA782 /* Debug */,
				607FACEE1AFB9204008FA782 /* Release */,
			);
			defaultConfigurationIsVisible = 0;
			defaultConfigurationName = Release;
		};
		607FACEF1AFB9204008FA782 /* Build configuration list for PBXNativeTarget "Example iOS" */ = {
			isa = XCConfigurationList;
			buildConfigurations = (
				607FACF01AFB9204008FA782 /* Debug */,
				607FACF11AFB9204008FA782 /* Release */,
			);
			defaultConfigurationIsVisible = 0;
			defaultConfigurationName = Release;
		};
/* End XCConfigurationList section */
	};
	rootObject = 607FACC81AFB9204008FA782 /* Project object */;
}
