// !$*UTF8*$!
{
	archiveVersion = 1;
	classes = {
	};
	objectVersion = 46;
	objects = {

/* Begin PBXBuildFile section */
		17109D081C05EF0A007D3D16 /* ViewController.swift in Sources */ = {isa = PBXBuildFile; fileRef = 17109D071C05EF0A007D3D16 /* ViewController.swift */; };
		179029AF1CF4913D00078265 /* Default-568h@2x.png in Resources */ = {isa = PBXBuildFile; fileRef = 179029AE1CF4913D00078265 /* Default-568h@2x.png */; };
		17C504921CF4480600CF368A /* MovieViewController.swift in Sources */ = {isa = PBXBuildFile; fileRef = 17C504911CF4480600CF368A /* MovieViewController.swift */; };
		17C504931CF4480600CF368A /* MovieViewController.swift in Sources */ = {isa = PBXBuildFile; fileRef = 17C504911CF4480600CF368A /* MovieViewController.swift */; };
		17CFD26D1CF45CE00050315A /* Main.storyboard in Resources */ = {isa = PBXBuildFile; fileRef = 17CFD26C1CF45CE00050315A /* Main.storyboard */; };
		17CFD2731CF45DB90050315A /* Main.storyboard in Resources */ = {isa = PBXBuildFile; fileRef = 17CFD2721CF45DB90050315A /* Main.storyboard */; };
		17F050011C91D789006F448F /* ViewController.swift in Sources */ = {isa = PBXBuildFile; fileRef = 17109D071C05EF0A007D3D16 /* ViewController.swift */; };
		17F050031C91E044006F448F /* AppDelegate.swift in Sources */ = {isa = PBXBuildFile; fileRef = 607FACD51AFB9204008FA782 /* AppDelegate.swift */; };
		2B145BC16186DEFE8B407C98 /* Pods_Internal_AKTrakt_tvOS.framework in Frameworks */ = {isa = PBXBuildFile; fileRef = 515D408CD9F6C2C5B411CA02 /* Pods_Internal_AKTrakt_tvOS.framework */; };
		607FACD61AFB9204008FA782 /* AppDelegate.swift in Sources */ = {isa = PBXBuildFile; fileRef = 607FACD51AFB9204008FA782 /* AppDelegate.swift */; };
		612B127C202921F1199BDE39 /* Pods_Internal_AKTrakt_iOS.framework in Frameworks */ = {isa = PBXBuildFile; fileRef = 4D9C57E2E1B0FF0C4840765E /* Pods_Internal_AKTrakt_iOS.framework */; };
/* End PBXBuildFile section */

/* Begin PBXFileReference section */
		07F71D2B3D219AF07177959D /* Pods_AKTrakt_TvOS_Example.framework */ = {isa = PBXFileReference; explicitFileType = wrapper.framework; includeInIndex = 0; path = Pods_AKTrakt_TvOS_Example.framework; sourceTree = BUILT_PRODUCTS_DIR; };
		14E5C7337E3EE6FBEA91ACBD /* Pods-Internal-AKTrakt_Tests.debug.xcconfig */ = {isa = PBXFileReference; includeInIndex = 1; lastKnownFileType = text.xcconfig; name = "Pods-Internal-AKTrakt_Tests.debug.xcconfig"; path = "Pods/Target Support Files/Pods-Internal-AKTrakt_Tests/Pods-Internal-AKTrakt_Tests.debug.xcconfig"; sourceTree = "<group>"; };
		17109D031C05EF0A007D3D16 /* AKTrakt tvOS.app */ = {isa = PBXFileReference; explicitFileType = wrapper.application; includeInIndex = 0; path = "AKTrakt tvOS.app"; sourceTree = BUILT_PRODUCTS_DIR; };
		17109D071C05EF0A007D3D16 /* ViewController.swift */ = {isa = PBXFileReference; lastKnownFileType = sourcecode.swift; path = ViewController.swift; sourceTree = "<group>"; };
		17109D0E1C05EF0A007D3D16 /* Info.plist */ = {isa = PBXFileReference; lastKnownFileType = text.plist; name = Info.plist; path = Example/AKTrakt_TvOS_Example/Info.plist; sourceTree = "<group>"; };
		179029AE1CF4913D00078265 /* Default-568h@2x.png */ = {isa = PBXFileReference; lastKnownFileType = image.png; path = "Default-568h@2x.png"; sourceTree = "<group>"; };
		17C504911CF4480600CF368A /* MovieViewController.swift */ = {isa = PBXFileReference; fileEncoding = 4; lastKnownFileType = sourcecode.swift; path = MovieViewController.swift; sourceTree = "<group>"; };
		17CFD26C1CF45CE00050315A /* Main.storyboard */ = {isa = PBXFileReference; fileEncoding = 4; lastKnownFileType = file.storyboard; name = Main.storyboard; path = Example/AKTrakt/Main.storyboard; sourceTree = SOURCE_ROOT; };
		17CFD2721CF45DB90050315A /* Main.storyboard */ = {isa = PBXFileReference; fileEncoding = 4; lastKnownFileType = file.storyboard; name = Main.storyboard; path = Example/AKTrakt_TvOS_Example/Main.storyboard; sourceTree = SOURCE_ROOT; };
		182C70A2E7B66212F11535CC /* Pods-Internal-AKTrakt iOS.release.xcconfig */ = {isa = PBXFileReference; includeInIndex = 1; lastKnownFileType = text.xcconfig; name = "Pods-Internal-AKTrakt iOS.release.xcconfig"; path = "Pods/Target Support Files/Pods-Internal-AKTrakt iOS/Pods-Internal-AKTrakt iOS.release.xcconfig"; sourceTree = "<group>"; };
		23FEA1385334FF34EF4E2120 /* Pods-Internal-AKTrakt iOS.debug.xcconfig */ = {isa = PBXFileReference; includeInIndex = 1; lastKnownFileType = text.xcconfig; name = "Pods-Internal-AKTrakt iOS.debug.xcconfig"; path = "Pods/Target Support Files/Pods-Internal-AKTrakt iOS/Pods-Internal-AKTrakt iOS.debug.xcconfig"; sourceTree = "<group>"; };
		245F7FCCBDB3759206111274 /* AKTrakt.podspec */ = {isa = PBXFileReference; includeInIndex = 1; lastKnownFileType = text; path = AKTrakt.podspec; sourceTree = "<group>"; };
		26D2E836229100EA6ABDA02D /* Pods-AKTrakt_iOS_Example.release.xcconfig */ = {isa = PBXFileReference; includeInIndex = 1; lastKnownFileType = text.xcconfig; name = "Pods-AKTrakt_iOS_Example.release.xcconfig"; path = "Pods/Target Support Files/Pods-AKTrakt_iOS_Example/Pods-AKTrakt_iOS_Example.release.xcconfig"; sourceTree = "<group>"; };
		3AC6591DD132C834E1254AEC /* Pods_AKTrakt_tvOS.framework */ = {isa = PBXFileReference; explicitFileType = wrapper.framework; includeInIndex = 0; path = Pods_AKTrakt_tvOS.framework; sourceTree = BUILT_PRODUCTS_DIR; };
		3D3C1936CC3115AD3313CA7C /* Pods-AKTrakt_TvOS_Example.debug.xcconfig */ = {isa = PBXFileReference; includeInIndex = 1; lastKnownFileType = text.xcconfig; name = "Pods-AKTrakt_TvOS_Example.debug.xcconfig"; path = "Pods/Target Support Files/Pods-AKTrakt_TvOS_Example/Pods-AKTrakt_TvOS_Example.debug.xcconfig"; sourceTree = "<group>"; };
		3EA807B8988BDDABCDA59297 /* Pods-AKTrakt iOS.release.xcconfig */ = {isa = PBXFileReference; includeInIndex = 1; lastKnownFileType = text.xcconfig; name = "Pods-AKTrakt iOS.release.xcconfig"; path = "Pods/Target Support Files/Pods-AKTrakt iOS/Pods-AKTrakt iOS.release.xcconfig"; sourceTree = "<group>"; };
		3FE3708F3CB787397C3C3878 /* Pods-Internal-AKTrakt tvOS.debug.xcconfig */ = {isa = PBXFileReference; includeInIndex = 1; lastKnownFileType = text.xcconfig; name = "Pods-Internal-AKTrakt tvOS.debug.xcconfig"; path = "Pods/Target Support Files/Pods-Internal-AKTrakt tvOS/Pods-Internal-AKTrakt tvOS.debug.xcconfig"; sourceTree = "<group>"; };
		4A27F2655770831A0A3BDF8D /* Pods-AKTrakt_TvOS_Example.release.xcconfig */ = {isa = PBXFileReference; includeInIndex = 1; lastKnownFileType = text.xcconfig; name = "Pods-AKTrakt_TvOS_Example.release.xcconfig"; path = "Pods/Target Support Files/Pods-AKTrakt_TvOS_Example/Pods-AKTrakt_TvOS_Example.release.xcconfig"; sourceTree = "<group>"; };
		4C12865FF0E76E1DD0B2BFBC /* Pods_AKTrakt_iOS_Example.framework */ = {isa = PBXFileReference; explicitFileType = wrapper.framework; includeInIndex = 0; path = Pods_AKTrakt_iOS_Example.framework; sourceTree = BUILT_PRODUCTS_DIR; };
		4D9C57E2E1B0FF0C4840765E /* Pods_Internal_AKTrakt_iOS.framework */ = {isa = PBXFileReference; explicitFileType = wrapper.framework; includeInIndex = 0; path = Pods_Internal_AKTrakt_iOS.framework; sourceTree = BUILT_PRODUCTS_DIR; };
		515D408CD9F6C2C5B411CA02 /* Pods_Internal_AKTrakt_tvOS.framework */ = {isa = PBXFileReference; explicitFileType = wrapper.framework; includeInIndex = 0; path = Pods_Internal_AKTrakt_tvOS.framework; sourceTree = BUILT_PRODUCTS_DIR; };
		577F402CD1F5BA57DA0A6BC0 /* Pods-AKTrakt iOS.debug.xcconfig */ = {isa = PBXFileReference; includeInIndex = 1; lastKnownFileType = text.xcconfig; name = "Pods-AKTrakt iOS.debug.xcconfig"; path = "Pods/Target Support Files/Pods-AKTrakt iOS/Pods-AKTrakt iOS.debug.xcconfig"; sourceTree = "<group>"; };
		607FACD01AFB9204008FA782 /* AKTrakt iOS.app */ = {isa = PBXFileReference; explicitFileType = wrapper.application; includeInIndex = 0; path = "AKTrakt iOS.app"; sourceTree = BUILT_PRODUCTS_DIR; };
		607FACD41AFB9204008FA782 /* Info.plist */ = {isa = PBXFileReference; lastKnownFileType = text.plist; name = Info.plist; path = Example/AKTrakt/Info.plist; sourceTree = "<group>"; };
		607FACD51AFB9204008FA782 /* AppDelegate.swift */ = {isa = PBXFileReference; lastKnownFileType = sourcecode.swift; path = AppDelegate.swift; sourceTree = "<group>"; };
		607FACEA1AFB9204008FA782 /* Info.plist */ = {isa = PBXFileReference; lastKnownFileType = text.plist.xml; path = Info.plist; sourceTree = "<group>"; };
		607FACEB1AFB9204008FA782 /* Tests.swift */ = {isa = PBXFileReference; lastKnownFileType = sourcecode.swift; path = Tests.swift; sourceTree = "<group>"; };
		829FB6DE651D94D5C0BCC7A7 /* Pods-AKTrakt_iOS_Example.debug.xcconfig */ = {isa = PBXFileReference; includeInIndex = 1; lastKnownFileType = text.xcconfig; name = "Pods-AKTrakt_iOS_Example.debug.xcconfig"; path = "Pods/Target Support Files/Pods-AKTrakt_iOS_Example/Pods-AKTrakt_iOS_Example.debug.xcconfig"; sourceTree = "<group>"; };
		8372053CFE34D254B930445B /* Pods-Internal-AKTrakt tvOS.release.xcconfig */ = {isa = PBXFileReference; includeInIndex = 1; lastKnownFileType = text.xcconfig; name = "Pods-Internal-AKTrakt tvOS.release.xcconfig"; path = "Pods/Target Support Files/Pods-Internal-AKTrakt tvOS/Pods-Internal-AKTrakt tvOS.release.xcconfig"; sourceTree = "<group>"; };
		8C0E7CE2D9ED797DDA93319A /* Pods-AKTrakt tvOS.release.xcconfig */ = {isa = PBXFileReference; includeInIndex = 1; lastKnownFileType = text.xcconfig; name = "Pods-AKTrakt tvOS.release.xcconfig"; path = "Pods/Target Support Files/Pods-AKTrakt tvOS/Pods-AKTrakt tvOS.release.xcconfig"; sourceTree = "<group>"; };
		9E2E7AD6BF2AD4A119FBEB44 /* LICENSE */ = {isa = PBXFileReference; includeInIndex = 1; lastKnownFileType = text; path = LICENSE; sourceTree = "<group>"; };
		A6C0BB79514F5BD2EE925795 /* Pods_Internal_AKTrakt_Tests.framework */ = {isa = PBXFileReference; explicitFileType = wrapper.framework; includeInIndex = 0; path = Pods_Internal_AKTrakt_Tests.framework; sourceTree = BUILT_PRODUCTS_DIR; };
		A7BBC843F486C040B81601EC /* Pods-AKTrakt_Tests.debug.xcconfig */ = {isa = PBXFileReference; includeInIndex = 1; lastKnownFileType = text.xcconfig; name = "Pods-AKTrakt_Tests.debug.xcconfig"; path = "Pods/Target Support Files/Pods-AKTrakt_Tests/Pods-AKTrakt_Tests.debug.xcconfig"; sourceTree = "<group>"; };
		A7F000AEBF92B57C35B2646F /* Pods-Internal-AKTrakt_Tests.release.xcconfig */ = {isa = PBXFileReference; includeInIndex = 1; lastKnownFileType = text.xcconfig; name = "Pods-Internal-AKTrakt_Tests.release.xcconfig"; path = "Pods/Target Support Files/Pods-Internal-AKTrakt_Tests/Pods-Internal-AKTrakt_Tests.release.xcconfig"; sourceTree = "<group>"; };
		D0209FC0239CCC97BBB71760 /* Pods_AKTrakt_iOS.framework */ = {isa = PBXFileReference; explicitFileType = wrapper.framework; includeInIndex = 0; path = Pods_AKTrakt_iOS.framework; sourceTree = BUILT_PRODUCTS_DIR; };
		DA97070D16F0D986F3944D8A /* Pods-AKTrakt_Tests.release.xcconfig */ = {isa = PBXFileReference; includeInIndex = 1; lastKnownFileType = text.xcconfig; name = "Pods-AKTrakt_Tests.release.xcconfig"; path = "Pods/Target Support Files/Pods-AKTrakt_Tests/Pods-AKTrakt_Tests.release.xcconfig"; sourceTree = "<group>"; };
		E35769ED395217FF0FD00A41 /* Pods_AKTrakt_Tests.framework */ = {isa = PBXFileReference; explicitFileType = wrapper.framework; includeInIndex = 0; path = Pods_AKTrakt_Tests.framework; sourceTree = BUILT_PRODUCTS_DIR; };
		F62ED134814F0256A3C2451A /* Pods-AKTrakt tvOS.debug.xcconfig */ = {isa = PBXFileReference; includeInIndex = 1; lastKnownFileType = text.xcconfig; name = "Pods-AKTrakt tvOS.debug.xcconfig"; path = "Pods/Target Support Files/Pods-AKTrakt tvOS/Pods-AKTrakt tvOS.debug.xcconfig"; sourceTree = "<group>"; };
		FA3246E36841A5DFB6A3322A /* README.md */ = {isa = PBXFileReference; includeInIndex = 1; lastKnownFileType = net.daringfireball.markdown; path = README.md; sourceTree = "<group>"; };
/* End PBXFileReference section */

/* Begin PBXFrameworksBuildPhase section */
		17109D001C05EF0A007D3D16 /* Frameworks */ = {
			isa = PBXFrameworksBuildPhase;
			buildActionMask = 2147483647;
			files = (
				2B145BC16186DEFE8B407C98 /* Pods_Internal_AKTrakt_tvOS.framework in Frameworks */,
			);
			runOnlyForDeploymentPostprocessing = 0;
		};
		607FACCD1AFB9204008FA782 /* Frameworks */ = {
			isa = PBXFrameworksBuildPhase;
			buildActionMask = 2147483647;
			files = (
				612B127C202921F1199BDE39 /* Pods_Internal_AKTrakt_iOS.framework in Frameworks */,
			);
			runOnlyForDeploymentPostprocessing = 0;
		};
/* End PBXFrameworksBuildPhase section */

/* Begin PBXGroup section */
		17109D041C05EF0A007D3D16 /* tvOS */ = {
			isa = PBXGroup;
			children = (
				17CFD2721CF45DB90050315A /* Main.storyboard */,
				17109D0E1C05EF0A007D3D16 /* Info.plist */,
			);
			name = tvOS;
			path = AKTrakt_TvOS_Example;
			sourceTree = "<group>";
		};
		17F050021C91E014006F448F /* Shared */ = {
			isa = PBXGroup;
			children = (
				607FACD51AFB9204008FA782 /* AppDelegate.swift */,
				17109D071C05EF0A007D3D16 /* ViewController.swift */,
				17C504911CF4480600CF368A /* MovieViewController.swift */,
			);
			name = Shared;
			path = Example/Shared;
			sourceTree = "<group>";
		};
		3115E9C69AC6A69852040072 /* Pods */ = {
			isa = PBXGroup;
			children = (
				A7BBC843F486C040B81601EC /* Pods-AKTrakt_Tests.debug.xcconfig */,
				DA97070D16F0D986F3944D8A /* Pods-AKTrakt_Tests.release.xcconfig */,
				3D3C1936CC3115AD3313CA7C /* Pods-AKTrakt_TvOS_Example.debug.xcconfig */,
				4A27F2655770831A0A3BDF8D /* Pods-AKTrakt_TvOS_Example.release.xcconfig */,
				829FB6DE651D94D5C0BCC7A7 /* Pods-AKTrakt_iOS_Example.debug.xcconfig */,
				26D2E836229100EA6ABDA02D /* Pods-AKTrakt_iOS_Example.release.xcconfig */,
				577F402CD1F5BA57DA0A6BC0 /* Pods-AKTrakt iOS.debug.xcconfig */,
				3EA807B8988BDDABCDA59297 /* Pods-AKTrakt iOS.release.xcconfig */,
				F62ED134814F0256A3C2451A /* Pods-AKTrakt tvOS.debug.xcconfig */,
				8C0E7CE2D9ED797DDA93319A /* Pods-AKTrakt tvOS.release.xcconfig */,
				23FEA1385334FF34EF4E2120 /* Pods-Internal-AKTrakt iOS.debug.xcconfig */,
				182C70A2E7B66212F11535CC /* Pods-Internal-AKTrakt iOS.release.xcconfig */,
				3FE3708F3CB787397C3C3878 /* Pods-Internal-AKTrakt tvOS.debug.xcconfig */,
				8372053CFE34D254B930445B /* Pods-Internal-AKTrakt tvOS.release.xcconfig */,
				14E5C7337E3EE6FBEA91ACBD /* Pods-Internal-AKTrakt_Tests.debug.xcconfig */,
				A7F000AEBF92B57C35B2646F /* Pods-Internal-AKTrakt_Tests.release.xcconfig */,
			);
			name = Pods;
			sourceTree = "<group>";
		};
		607FACC71AFB9204008FA782 = {
			isa = PBXGroup;
			children = (
				179029AE1CF4913D00078265 /* Default-568h@2x.png */,
				17F050021C91E014006F448F /* Shared */,
				607FACF51AFB993E008FA782 /* Podspec Metadata */,
				607FACD21AFB9204008FA782 /* iOS */,
				17109D041C05EF0A007D3D16 /* tvOS */,
				607FACE81AFB9204008FA782 /* Tests */,
				607FACD11AFB9204008FA782 /* Products */,
				3115E9C69AC6A69852040072 /* Pods */,
				F32E0693A86A0A9346A1201C /* Frameworks */,
			);
			sourceTree = "<group>";
		};
		607FACD11AFB9204008FA782 /* Products */ = {
			isa = PBXGroup;
			children = (
				607FACD01AFB9204008FA782 /* AKTrakt iOS.app */,
				17109D031C05EF0A007D3D16 /* AKTrakt tvOS.app */,
			);
			name = Products;
			sourceTree = "<group>";
		};
		607FACD21AFB9204008FA782 /* iOS */ = {
			isa = PBXGroup;
			children = (
				17CFD26C1CF45CE00050315A /* Main.storyboard */,
				607FACD41AFB9204008FA782 /* Info.plist */,
			);
			name = iOS;
			path = AKTrakt;
			sourceTree = "<group>";
		};
		607FACE81AFB9204008FA782 /* Tests */ = {
			isa = PBXGroup;
			children = (
				607FACEB1AFB9204008FA782 /* Tests.swift */,
				607FACE91AFB9204008FA782 /* Supporting Files */,
			);
			name = Tests;
			path = Example/Tests;
			sourceTree = "<group>";
		};
		607FACE91AFB9204008FA782 /* Supporting Files */ = {
			isa = PBXGroup;
			children = (
				607FACEA1AFB9204008FA782 /* Info.plist */,
			);
			name = "Supporting Files";
			sourceTree = "<group>";
		};
		607FACF51AFB993E008FA782 /* Podspec Metadata */ = {
			isa = PBXGroup;
			children = (
				245F7FCCBDB3759206111274 /* AKTrakt.podspec */,
				FA3246E36841A5DFB6A3322A /* README.md */,
				9E2E7AD6BF2AD4A119FBEB44 /* LICENSE */,
			);
			name = "Podspec Metadata";
			sourceTree = "<group>";
		};
		F32E0693A86A0A9346A1201C /* Frameworks */ = {
			isa = PBXGroup;
			children = (
				E35769ED395217FF0FD00A41 /* Pods_AKTrakt_Tests.framework */,
				07F71D2B3D219AF07177959D /* Pods_AKTrakt_TvOS_Example.framework */,
				4C12865FF0E76E1DD0B2BFBC /* Pods_AKTrakt_iOS_Example.framework */,
				D0209FC0239CCC97BBB71760 /* Pods_AKTrakt_iOS.framework */,
				3AC6591DD132C834E1254AEC /* Pods_AKTrakt_tvOS.framework */,
				4D9C57E2E1B0FF0C4840765E /* Pods_Internal_AKTrakt_iOS.framework */,
				515D408CD9F6C2C5B411CA02 /* Pods_Internal_AKTrakt_tvOS.framework */,
				A6C0BB79514F5BD2EE925795 /* Pods_Internal_AKTrakt_Tests.framework */,
			);
			name = Frameworks;
			sourceTree = "<group>";
		};
/* End PBXGroup section */

/* Begin PBXNativeTarget section */
		17109D021C05EF0A007D3D16 /* AKTrakt tvOS */ = {
			isa = PBXNativeTarget;
			buildConfigurationList = 17109D0F1C05EF0A007D3D16 /* Build configuration list for PBXNativeTarget "AKTrakt tvOS" */;
			buildPhases = (
				80474D58DC9AC96AB3211A7C /* 📦 Check Pods Manifest.lock */,
				17109CFF1C05EF0A007D3D16 /* Sources */,
				17109D001C05EF0A007D3D16 /* Frameworks */,
				17109D011C05EF0A007D3D16 /* Resources */,
				0DC09246E258DEDF7C6EDC1B /* 📦 Embed Pods Frameworks */,
				C22FD465AC972ECF977EEDBE /* 📦 Copy Pods Resources */,
			);
			buildRules = (
			);
			dependencies = (
			);
			name = "AKTrakt tvOS";
			productName = AKTrakt_TvOS_Example;
			productReference = 17109D031C05EF0A007D3D16 /* AKTrakt tvOS.app */;
			productType = "com.apple.product-type.application";
		};
		607FACCF1AFB9204008FA782 /* AKTrakt iOS */ = {
			isa = PBXNativeTarget;
			buildConfigurationList = 607FACEF1AFB9204008FA782 /* Build configuration list for PBXNativeTarget "AKTrakt iOS" */;
			buildPhases = (
				85B7E2163FDFA45D4502C5DA /* 📦 Check Pods Manifest.lock */,
				607FACCC1AFB9204008FA782 /* Sources */,
				607FACCD1AFB9204008FA782 /* Frameworks */,
				607FACCE1AFB9204008FA782 /* Resources */,
				5DD668363034103C97473FB9 /* 📦 Embed Pods Frameworks */,
				0F092E49AE63FBC26918D9E4 /* 📦 Copy Pods Resources */,
				174FE9251C85917000FA2EAE /* 🛡 Swift lint */,
			);
			buildRules = (
			);
			dependencies = (
			);
			name = "AKTrakt iOS";
			productName = AKTrakt;
			productReference = 607FACD01AFB9204008FA782 /* AKTrakt iOS.app */;
			productType = "com.apple.product-type.application";
		};
/* End PBXNativeTarget section */

/* Begin PBXProject section */
		607FACC81AFB9204008FA782 /* Project object */ = {
			isa = PBXProject;
			attributes = {
				LastSwiftUpdateCheck = 0710;
				LastUpgradeCheck = 0710;
				ORGANIZATIONNAME = CocoaPods;
				TargetAttributes = {
					17109D021C05EF0A007D3D16 = {
						CreatedOnToolsVersion = 7.1.1;
					};
					607FACCF1AFB9204008FA782 = {
						CreatedOnToolsVersion = 6.3.1;
					};
				};
			};
			buildConfigurationList = 607FACCB1AFB9204008FA782 /* Build configuration list for PBXProject "AKTrakt" */;
			compatibilityVersion = "Xcode 3.2";
			developmentRegion = English;
			hasScannedForEncodings = 0;
			knownRegions = (
				Base,
			);
			mainGroup = 607FACC71AFB9204008FA782;
			productRefGroup = 607FACD11AFB9204008FA782 /* Products */;
			projectDirPath = "";
			projectRoot = "";
			targets = (
				607FACCF1AFB9204008FA782 /* AKTrakt iOS */,
				17109D021C05EF0A007D3D16 /* AKTrakt tvOS */,
			);
		};
/* End PBXProject section */

/* Begin PBXResourcesBuildPhase section */
		17109D011C05EF0A007D3D16 /* Resources */ = {
			isa = PBXResourcesBuildPhase;
			buildActionMask = 2147483647;
			files = (
				17CFD2731CF45DB90050315A /* Main.storyboard in Resources */,
			);
			runOnlyForDeploymentPostprocessing = 0;
		};
		607FACCE1AFB9204008FA782 /* Resources */ = {
			isa = PBXResourcesBuildPhase;
			buildActionMask = 2147483647;
			files = (
				17CFD26D1CF45CE00050315A /* Main.storyboard in Resources */,
				179029AF1CF4913D00078265 /* Default-568h@2x.png in Resources */,
			);
			runOnlyForDeploymentPostprocessing = 0;
		};
/* End PBXResourcesBuildPhase section */

/* Begin PBXShellScriptBuildPhase section */
		0DC09246E258DEDF7C6EDC1B /* 📦 Embed Pods Frameworks */ = {
			isa = PBXShellScriptBuildPhase;
			buildActionMask = 2147483647;
			files = (
			);
			inputPaths = (
			);
			name = "📦 Embed Pods Frameworks";
			outputPaths = (
			);
			runOnlyForDeploymentPostprocessing = 0;
			shellPath = /bin/sh;
			shellScript = "\"${SRCROOT}/Pods/Target Support Files/Pods-Internal-AKTrakt tvOS/Pods-Internal-AKTrakt tvOS-frameworks.sh\"\n";
			showEnvVarsInLog = 0;
		};
		0F092E49AE63FBC26918D9E4 /* 📦 Copy Pods Resources */ = {
			isa = PBXShellScriptBuildPhase;
			buildActionMask = 2147483647;
			files = (
			);
			inputPaths = (
			);
			name = "📦 Copy Pods Resources";
			outputPaths = (
			);
			runOnlyForDeploymentPostprocessing = 0;
			shellPath = /bin/sh;
			shellScript = "\"${SRCROOT}/Pods/Target Support Files/Pods-Internal-AKTrakt iOS/Pods-Internal-AKTrakt iOS-resources.sh\"\n";
			showEnvVarsInLog = 0;
		};
		174FE9251C85917000FA2EAE /* 🛡 Swift lint */ = {
			isa = PBXShellScriptBuildPhase;
			buildActionMask = 2147483647;
			files = (
			);
			inputPaths = (
			);
			name = "🛡 Swift lint";
			outputPaths = (
			);
			runOnlyForDeploymentPostprocessing = 0;
			shellPath = /bin/sh;
			shellScript = "if which swiftlint >/dev/null; then\nswiftlint\nelse\necho \"SwiftLint does not exist, download from https://github.com/realm/SwiftLint\"\nfi";
		};
		5DD668363034103C97473FB9 /* 📦 Embed Pods Frameworks */ = {
			isa = PBXShellScriptBuildPhase;
			buildActionMask = 2147483647;
			files = (
			);
			inputPaths = (
			);
			name = "📦 Embed Pods Frameworks";
			outputPaths = (
			);
			runOnlyForDeploymentPostprocessing = 0;
			shellPath = /bin/sh;
			shellScript = "\"${SRCROOT}/Pods/Target Support Files/Pods-Internal-AKTrakt iOS/Pods-Internal-AKTrakt iOS-frameworks.sh\"\n";
			showEnvVarsInLog = 0;
		};
		80474D58DC9AC96AB3211A7C /* 📦 Check Pods Manifest.lock */ = {
			isa = PBXShellScriptBuildPhase;
			buildActionMask = 2147483647;
			files = (
			);
			inputPaths = (
			);
			name = "📦 Check Pods Manifest.lock";
			outputPaths = (
			);
			runOnlyForDeploymentPostprocessing = 0;
			shellPath = /bin/sh;
			shellScript = "diff \"${PODS_ROOT}/../Podfile.lock\" \"${PODS_ROOT}/Manifest.lock\" > /dev/null\nif [[ $? != 0 ]] ; then\n    cat << EOM\nerror: The sandbox is not in sync with the Podfile.lock. Run 'pod install' or update your CocoaPods installation.\nEOM\n    exit 1\nfi\n";
			showEnvVarsInLog = 0;
		};
		85B7E2163FDFA45D4502C5DA /* 📦 Check Pods Manifest.lock */ = {
			isa = PBXShellScriptBuildPhase;
			buildActionMask = 2147483647;
			files = (
			);
			inputPaths = (
			);
			name = "📦 Check Pods Manifest.lock";
			outputPaths = (
			);
			runOnlyForDeploymentPostprocessing = 0;
			shellPath = /bin/sh;
			shellScript = "diff \"${PODS_ROOT}/../Podfile.lock\" \"${PODS_ROOT}/Manifest.lock\" > /dev/null\nif [[ $? != 0 ]] ; then\n    cat << EOM\nerror: The sandbox is not in sync with the Podfile.lock. Run 'pod install' or update your CocoaPods installation.\nEOM\n    exit 1\nfi\n";
			showEnvVarsInLog = 0;
		};
		C22FD465AC972ECF977EEDBE /* 📦 Copy Pods Resources */ = {
			isa = PBXShellScriptBuildPhase;
			buildActionMask = 2147483647;
			files = (
			);
			inputPaths = (
			);
			name = "📦 Copy Pods Resources";
			outputPaths = (
			);
			runOnlyForDeploymentPostprocessing = 0;
			shellPath = /bin/sh;
			shellScript = "\"${SRCROOT}/Pods/Target Support Files/Pods-Internal-AKTrakt tvOS/Pods-Internal-AKTrakt tvOS-resources.sh\"\n";
			showEnvVarsInLog = 0;
		};
/* End PBXShellScriptBuildPhase section */

/* Begin PBXSourcesBuildPhase section */
		17109CFF1C05EF0A007D3D16 /* Sources */ = {
			isa = PBXSourcesBuildPhase;
			buildActionMask = 2147483647;
			files = (
				17F050031C91E044006F448F /* AppDelegate.swift in Sources */,
				17109D081C05EF0A007D3D16 /* ViewController.swift in Sources */,
				17C504931CF4480600CF368A /* MovieViewController.swift in Sources */,
			);
			runOnlyForDeploymentPostprocessing = 0;
		};
		607FACCC1AFB9204008FA782 /* Sources */ = {
			isa = PBXSourcesBuildPhase;
			buildActionMask = 2147483647;
			files = (
				17F050011C91D789006F448F /* ViewController.swift in Sources */,
				607FACD61AFB9204008FA782 /* AppDelegate.swift in Sources */,
				17C504921CF4480600CF368A /* MovieViewController.swift in Sources */,
			);
			runOnlyForDeploymentPostprocessing = 0;
		};
/* End PBXSourcesBuildPhase section */

/* Begin XCBuildConfiguration section */
		17109D101C05EF0A007D3D16 /* Debug */ = {
			isa = XCBuildConfiguration;
			baseConfigurationReference = 3FE3708F3CB787397C3C3878 /* Pods-Internal-AKTrakt tvOS.debug.xcconfig */;
			buildSettings = {
				DEBUG_INFORMATION_FORMAT = dwarf;
				ENABLE_TESTABILITY = YES;
				INFOPLIST_FILE = "$(SRCROOT)/Example/AKTrakt_TvOS_Example/Info.plist";
				LD_RUNPATH_SEARCH_PATHS = "$(inherited) @executable_path/Frameworks";
				PRODUCT_BUNDLE_IDENTIFIER = "com.arsonik.AKTrakt-TvOS-Example";
				PRODUCT_NAME = "$(TARGET_NAME)";
				SDKROOT = appletvos;
				TARGETED_DEVICE_FAMILY = 3;
				TVOS_DEPLOYMENT_TARGET = 9.0;
			};
			name = Debug;
		};
		17109D111C05EF0A007D3D16 /* Release */ = {
			isa = XCBuildConfiguration;
			baseConfigurationReference = 8372053CFE34D254B930445B /* Pods-Internal-AKTrakt tvOS.release.xcconfig */;
			buildSettings = {
				INFOPLIST_FILE = "$(SRCROOT)/Example/AKTrakt_TvOS_Example/Info.plist";
				LD_RUNPATH_SEARCH_PATHS = "$(inherited) @executable_path/Frameworks";
				PRODUCT_BUNDLE_IDENTIFIER = "com.arsonik.AKTrakt-TvOS-Example";
				PRODUCT_NAME = "$(TARGET_NAME)";
				SDKROOT = appletvos;
				TARGETED_DEVICE_FAMILY = 3;
				TVOS_DEPLOYMENT_TARGET = 9.0;
			};
			name = Release;
		};
		607FACED1AFB9204008FA782 /* Debug */ = {
			isa = XCBuildConfiguration;
			buildSettings = {
				ALWAYS_SEARCH_USER_PATHS = NO;
				CLANG_CXX_LANGUAGE_STANDARD = "gnu++0x";
				CLANG_CXX_LIBRARY = "libc++";
				CLANG_ENABLE_MODULES = YES;
				CLANG_ENABLE_OBJC_ARC = YES;
				CLANG_WARN_BOOL_CONVERSION = YES;
				CLANG_WARN_CONSTANT_CONVERSION = YES;
				CLANG_WARN_DIRECT_OBJC_ISA_USAGE = YES_ERROR;
				CLANG_WARN_EMPTY_BODY = YES;
				CLANG_WARN_ENUM_CONVERSION = YES;
				CLANG_WARN_INT_CONVERSION = YES;
				CLANG_WARN_OBJC_ROOT_CLASS = YES_ERROR;
				CLANG_WARN_UNREACHABLE_CODE = YES;
				CLANG_WARN__DUPLICATE_METHOD_MATCH = YES;
				"CODE_SIGN_IDENTITY[sdk=iphoneos*]" = "iPhone Developer";
				COPY_PHASE_STRIP = NO;
				DEBUG_INFORMATION_FORMAT = "dwarf-with-dsym";
				ENABLE_STRICT_OBJC_MSGSEND = YES;
				ENABLE_TESTABILITY = YES;
				GCC_C_LANGUAGE_STANDARD = gnu99;
				GCC_DYNAMIC_NO_PIC = NO;
				GCC_NO_COMMON_BLOCKS = YES;
				GCC_OPTIMIZATION_LEVEL = 0;
				GCC_PREPROCESSOR_DEFINITIONS = (
					"DEBUG=1",
					"$(inherited)",
				);
				GCC_SYMBOLS_PRIVATE_EXTERN = NO;
				GCC_WARN_64_TO_32_BIT_CONVERSION = YES;
				GCC_WARN_ABOUT_RETURN_TYPE = YES_ERROR;
				GCC_WARN_UNDECLARED_SELECTOR = YES;
				GCC_WARN_UNINITIALIZED_AUTOS = YES_AGGRESSIVE;
				GCC_WARN_UNUSED_FUNCTION = YES;
				GCC_WARN_UNUSED_VARIABLE = YES;
				IPHONEOS_DEPLOYMENT_TARGET = 8.3;
				MTL_ENABLE_DEBUG_INFO = YES;
				ONLY_ACTIVE_ARCH = YES;
				SDKROOT = iphoneos;
				SWIFT_OPTIMIZATION_LEVEL = "-Onone";
			};
			name = Debug;
		};
		607FACEE1AFB9204008FA782 /* Release */ = {
			isa = XCBuildConfiguration;
			buildSettings = {
				ALWAYS_SEARCH_USER_PATHS = NO;
				CLANG_CXX_LANGUAGE_STANDARD = "gnu++0x";
				CLANG_CXX_LIBRARY = "libc++";
				CLANG_ENABLE_MODULES = YES;
				CLANG_ENABLE_OBJC_ARC = YES;
				CLANG_WARN_BOOL_CONVERSION = YES;
				CLANG_WARN_CONSTANT_CONVERSION = YES;
				CLANG_WARN_DIRECT_OBJC_ISA_USAGE = YES_ERROR;
				CLANG_WARN_EMPTY_BODY = YES;
				CLANG_WARN_ENUM_CONVERSION = YES;
				CLANG_WARN_INT_CONVERSION = YES;
				CLANG_WARN_OBJC_ROOT_CLASS = YES_ERROR;
				CLANG_WARN_UNREACHABLE_CODE = YES;
				CLANG_WARN__DUPLICATE_METHOD_MATCH = YES;
				"CODE_SIGN_IDENTITY[sdk=iphoneos*]" = "iPhone Developer";
				COPY_PHASE_STRIP = NO;
				DEBUG_INFORMATION_FORMAT = "dwarf-with-dsym";
				ENABLE_NS_ASSERTIONS = NO;
				ENABLE_STRICT_OBJC_MSGSEND = YES;
				GCC_C_LANGUAGE_STANDARD = gnu99;
				GCC_NO_COMMON_BLOCKS = YES;
				GCC_WARN_64_TO_32_BIT_CONVERSION = YES;
				GCC_WARN_ABOUT_RETURN_TYPE = YES_ERROR;
				GCC_WARN_UNDECLARED_SELECTOR = YES;
				GCC_WARN_UNINITIALIZED_AUTOS = YES_AGGRESSIVE;
				GCC_WARN_UNUSED_FUNCTION = YES;
				GCC_WARN_UNUSED_VARIABLE = YES;
				IPHONEOS_DEPLOYMENT_TARGET = 8.3;
				MTL_ENABLE_DEBUG_INFO = NO;
				SDKROOT = iphoneos;
				VALIDATE_PRODUCT = YES;
			};
			name = Release;
		};
		607FACF01AFB9204008FA782 /* Debug */ = {
			isa = XCBuildConfiguration;
			baseConfigurationReference = 23FEA1385334FF34EF4E2120 /* Pods-Internal-AKTrakt iOS.debug.xcconfig */;
			buildSettings = {
				INFOPLIST_FILE = "$(SRCROOT)/Example/AKTrakt/Info.plist";
				LD_RUNPATH_SEARCH_PATHS = "$(inherited) @executable_path/Frameworks";
				MODULE_NAME = ExampleApp;
				PRODUCT_BUNDLE_IDENTIFIER = "org.cocoapods.demo.$(PRODUCT_NAME:rfc1034identifier)";
				PRODUCT_NAME = "$(TARGET_NAME)";
				TARGETED_DEVICE_FAMILY = "1,2";
			};
			name = Debug;
		};
		607FACF11AFB9204008FA782 /* Release */ = {
			isa = XCBuildConfiguration;
			baseConfigurationReference = 182C70A2E7B66212F11535CC /* Pods-Internal-AKTrakt iOS.release.xcconfig */;
			buildSettings = {
				INFOPLIST_FILE = "$(SRCROOT)/Example/AKTrakt/Info.plist";
				LD_RUNPATH_SEARCH_PATHS = "$(inherited) @executable_path/Frameworks";
				MODULE_NAME = ExampleApp;
				PRODUCT_BUNDLE_IDENTIFIER = "org.cocoapods.demo.$(PRODUCT_NAME:rfc1034identifier)";
				PRODUCT_NAME = "$(TARGET_NAME)";
				TARGETED_DEVICE_FAMILY = "1,2";
			};
			name = Release;
		};
/* End XCBuildConfiguration section */

/* Begin XCConfigurationList section */
		17109D0F1C05EF0A007D3D16 /* Build configuration list for PBXNativeTarget "AKTrakt tvOS" */ = {
			isa = XCConfigurationList;
			buildConfigurations = (
				17109D101C05EF0A007D3D16 /* Debug */,
				17109D111C05EF0A007D3D16 /* Release */,
			);
			defaultConfigurationIsVisible = 0;
			defaultConfigurationName = Release;
		};
		607FACCB1AFB9204008FA782 /* Build configuration list for PBXProject "AKTrakt" */ = {
			isa = XCConfigurationList;
			buildConfigurations = (
				607FACED1AFB9204008FA782 /* Debug */,
				607FACEE1AFB9204008FA782 /* Release */,
			);
			defaultConfigurationIsVisible = 0;
			defaultConfigurationName = Release;
		};
		607FACEF1AFB9204008FA782 /* Build configuration list for PBXNativeTarget "AKTrakt iOS" */ = {
			isa = XCConfigurationList;
			buildConfigurations = (
				607FACF01AFB9204008FA782 /* Debug */,
				607FACF11AFB9204008FA782 /* Release */,
			);
			defaultConfigurationIsVisible = 0;
			defaultConfigurationName = Release;
		};
/* End XCConfigurationList section */
	};
	rootObject = 607FACC81AFB9204008FA782 /* Project object */;
}
